<?xml version="1.0" encoding="utf-8"?>
<Project ToolsVersion="4.0" xmlns="http://schemas.microsoft.com/developer/msbuild/2003">
  <ItemGroup>
    <Filter Include="繧ｽ繝ｼ繧ｹ 繝輔ぃ繧､繝ｫ">
      <UniqueIdentifier>{4FC737F1-C7A5-4376-A066-2A32D752A2FF}</UniqueIdentifier>
      <Extensions>cpp;c;cc;cxx;c++;cppm;ixx;def;odl;idl;hpj;bat;asm;asmx</Extensions>
    </Filter>
    <Filter Include="繝倥ャ繝繝ｼ 繝輔ぃ繧､繝ｫ">
      <UniqueIdentifier>{93995380-89BD-4b04-88EB-625FBE52EBFB}</UniqueIdentifier>
      <Extensions>h;hh;hpp;hxx;h++;hm;inl;inc;ipp;xsd</Extensions>
    </Filter>
    <Filter Include="繝ｪ繧ｽ繝ｼ繧ｹ 繝輔ぃ繧､繝ｫ">
      <UniqueIdentifier>{67DA6AB6-F800-4c08-8B7A-83BB121AAD01}</UniqueIdentifier>
      <Extensions>rc;ico;cur;bmp;dlg;rc2;rct;bin;rgs;gif;jpg;jpeg;jpe;resx;tiff;tif;png;wav;mfcribbon-ms</Extensions>
    </Filter>
    <Filter Include="imgui">
      <UniqueIdentifier>{c84d4c6b-9fad-4272-b662-c64df6e89e69}</UniqueIdentifier>
    </Filter>
    <Filter Include="繧ｷ繧ｧ繝ｼ繝繝ｼ繝輔ぃ繧､繝ｫ">
      <UniqueIdentifier>{42e1e68e-0fab-4757-8871-4657ef9d3c7e}</UniqueIdentifier>
    </Filter>
    <Filter Include="繝倥ャ繝繝ｼ 繝輔ぃ繧､繝ｫ\engine">
      <UniqueIdentifier>{da16cde6-4bb6-498c-b3d2-0fdb9557158d}</UniqueIdentifier>
    </Filter>
    <Filter Include="繝倥ャ繝繝ｼ 繝輔ぃ繧､繝ｫ\engine\2d">
      <UniqueIdentifier>{63a150fc-a8e2-4ed2-83e6-187ebfae593e}</UniqueIdentifier>
    </Filter>
    <Filter Include="繝倥ャ繝繝ｼ 繝輔ぃ繧､繝ｫ\engine\3d">
      <UniqueIdentifier>{0521c480-d958-4c9d-8044-d60d59155459}</UniqueIdentifier>
    </Filter>
    <Filter Include="繝倥ャ繝繝ｼ 繝輔ぃ繧､繝ｫ\engine\base">
      <UniqueIdentifier>{a9927d57-d6f6-4882-aedb-98dbd5f3ed7f}</UniqueIdentifier>
    </Filter>
    <Filter Include="繝倥ャ繝繝ｼ 繝輔ぃ繧､繝ｫ\engine\io">
      <UniqueIdentifier>{3881cda8-2b74-44e7-a5a8-baac82dce75e}</UniqueIdentifier>
    </Filter>
    <Filter Include="繝倥ャ繝繝ｼ 繝輔ぃ繧､繝ｫ\engine\audio">
      <UniqueIdentifier>{7a13f0d1-7443-44dd-af68-d8ef50629ba6}</UniqueIdentifier>
    </Filter>
    <Filter Include="繝倥ャ繝繝ｼ 繝輔ぃ繧､繝ｫ\engine\scene">
      <UniqueIdentifier>{f728a35a-3504-46b6-a11b-3c5b16097321}</UniqueIdentifier>
    </Filter>
    <Filter Include="繧ｽ繝ｼ繧ｹ 繝輔ぃ繧､繝ｫ\engine">
      <UniqueIdentifier>{e82206fb-0d89-4c48-a2d4-812227ccb34d}</UniqueIdentifier>
    </Filter>
    <Filter Include="繧ｽ繝ｼ繧ｹ 繝輔ぃ繧､繝ｫ\engine\2d">
      <UniqueIdentifier>{c42fa355-c6a5-4acf-a0a5-4c1cf5cb44ab}</UniqueIdentifier>
    </Filter>
    <Filter Include="繧ｽ繝ｼ繧ｹ 繝輔ぃ繧､繝ｫ\engine\3d">
      <UniqueIdentifier>{a73c3875-d1a3-494f-b58a-2ce68a2f95b4}</UniqueIdentifier>
    </Filter>
    <Filter Include="繧ｽ繝ｼ繧ｹ 繝輔ぃ繧､繝ｫ\engine\base">
      <UniqueIdentifier>{817d9f71-c073-40b2-9a0a-7364ded0ae1b}</UniqueIdentifier>
    </Filter>
    <Filter Include="繧ｽ繝ｼ繧ｹ 繝輔ぃ繧､繝ｫ\engine\scene">
      <UniqueIdentifier>{2778633c-d0fb-4312-8561-68c0269702e3}</UniqueIdentifier>
    </Filter>
    <Filter Include="繧ｽ繝ｼ繧ｹ 繝輔ぃ繧､繝ｫ\engine\io">
      <UniqueIdentifier>{53d507d0-4b03-426d-ba95-aa67c43386d2}</UniqueIdentifier>
    </Filter>
    <Filter Include="繧ｽ繝ｼ繧ｹ 繝輔ぃ繧､繝ｫ\engine\audio">
      <UniqueIdentifier>{c3e82146-ba72-421d-9ee5-d1fce3e762d1}</UniqueIdentifier>
    </Filter>
  </ItemGroup>
  <ItemGroup>
    <ClCompile Include="engine\core\main.cpp">
      <Filter>繧ｽ繝ｼ繧ｹ 繝輔ぃ繧､繝ｫ</Filter>
    </ClCompile>
    <ClCompile Include="engine\system\audio\AudioPlayer.cpp">
      <Filter>繧ｽ繝ｼ繧ｹ 繝輔ぃ繧､繝ｫ\engine\audio</Filter>
    </ClCompile>
    <ClCompile Include="engine\graphics\3d\camera\debugCamera.cpp">
      <Filter>繧ｽ繝ｼ繧ｹ 繝輔ぃ繧､繝ｫ\engine\3d</Filter>
    </ClCompile>
    <ClCompile Include="engine\graphics\core\DirectXCommon.cpp">
      <Filter>繧ｽ繝ｼ繧ｹ 繝輔ぃ繧､繝ｫ\engine\base</Filter>
    </ClCompile>
    <ClCompile Include="engine\graphics\core\RenderStats.cpp">
      <Filter>繧ｽ繝ｼ繧ｹ 繝輔ぃ繧､繝ｫ\engine\base</Filter>
    </ClCompile>
    <ClCompile Include="engine\core\Framework.cpp">
      <Filter>繧ｽ繝ｼ繧ｹ 繝輔ぃ繧､繝ｫ\engine\base</Filter>
    </ClCompile>
    <ClCompile Include="engine\core\Game.cpp">
      <Filter>繧ｽ繝ｼ繧ｹ 繝輔ぃ繧､繝ｫ\engine\scene</Filter>
    </ClCompile>
    <ClCompile Include="engine\core\GameEditorController.cpp">
      <Filter>繧ｽ繝ｼ繧ｹ 繝輔ぃ繧､繝ｫ\engine\scene</Filter>
    </ClCompile>
    <ClCompile Include="engine\system\input\InputManager.cpp">
      <Filter>繧ｽ繝ｼ繧ｹ 繝輔ぃ繧､繝ｫ\engine\io</Filter>
    </ClCompile>
    <ClCompile Include="engine\utility\math\Math.cpp">
      <Filter>繧ｽ繝ｼ繧ｹ 繝輔ぃ繧､繝ｫ\engine\base</Filter>
    </ClCompile>
    <ClCompile Include="engine\graphics\3d\model\Model.cpp">
      <Filter>繧ｽ繝ｼ繧ｹ 繝輔ぃ繧､繝ｫ\engine\3d</Filter>
    </ClCompile>
    <ClCompile Include="engine\graphics\3d\model\ModelCommon.cpp">
      <Filter>繧ｽ繝ｼ繧ｹ 繝輔ぃ繧､繝ｫ\engine\3d</Filter>
    </ClCompile>
    <ClCompile Include="engine\graphics\3d\model\ModelManager.cpp">
      <Filter>繧ｽ繝ｼ繧ｹ 繝輔ぃ繧､繝ｫ\engine\3d</Filter>
    </ClCompile>
    <ClCompile Include="engine\graphics\3d\object\Object3d.cpp">
      <Filter>繧ｽ繝ｼ繧ｹ 繝輔ぃ繧､繝ｫ\engine\3d</Filter>
    </ClCompile>
    <ClCompile Include="engine\graphics\3d\object\Object3d.Collision.cpp">
      <Filter>繧ｽ繝ｼ繧ｹ 繝輔ぃ繧､繝ｫ\engine\3d</Filter>
    </ClCompile>
    <ClCompile Include="engine\graphics\3d\object\Object3d.Runtime.cpp">
      <Filter>繧ｽ繝ｼ繧ｹ 繝輔ぃ繧､繝ｫ\engine\3d</Filter>
    </ClCompile>
    <ClCompile Include="engine\graphics\3d\object\Object3d.Serialization.cpp">
      <Filter>繧ｽ繝ｼ繧ｹ 繝輔ぃ繧､繝ｫ\engine\3d</Filter>
    </ClCompile>
    <ClCompile Include="engine\graphics\3d\object\Object3d.Effects.cpp">
      <Filter>繧ｽ繝ｼ繧ｹ 繝輔ぃ繧､繝ｫ\engine\3d</Filter>
    </ClCompile>
    <ClCompile Include="engine\graphics\3d\object\Object3dCommon.cpp">
      <Filter>繧ｽ繝ｼ繧ｹ 繝輔ぃ繧､繝ｫ\engine\3d</Filter>
    </ClCompile>
    <ClCompile Include="engine\graphics\2d\Sprite.cpp">
      <Filter>繧ｽ繝ｼ繧ｹ 繝輔ぃ繧､繝ｫ\engine\2d</Filter>
    </ClCompile>
    <ClCompile Include="engine\graphics\2d\SpriteCommon.cpp">
      <Filter>繧ｽ繝ｼ繧ｹ 繝輔ぃ繧､繝ｫ\engine\2d</Filter>
    </ClCompile>
    <ClCompile Include="engine\graphics\core\TextureManager.cpp">
      <Filter>繧ｽ繝ｼ繧ｹ 繝輔ぃ繧､繝ｫ\engine\3d</Filter>
    </ClCompile>
    <ClCompile Include="engine\platform\WinApp.cpp">
      <Filter>繧ｽ繝ｼ繧ｹ 繝輔ぃ繧､繝ｫ\engine\base</Filter>
    </ClCompile>
    <ClCompile Include="engine\system\scene\BaseScene.cpp">
      <Filter>繧ｽ繝ｼ繧ｹ 繝輔ぃ繧､繝ｫ\engine\scene</Filter>
    </ClCompile>
    <ClCompile Include="engine\system\scene\LoadingScene.cpp">
      <Filter>繧ｽ繝ｼ繧ｹ 繝輔ぃ繧､繝ｫ\engine\scene</Filter>
    </ClCompile>
    <ClCompile Include="engine\graphics\3d\camera\Camera.cpp">
      <Filter>繧ｽ繝ｼ繧ｹ 繝輔ぃ繧､繝ｫ\engine\3d</Filter>
    </ClCompile>
    <ClCompile Include="engine\graphics\3d\camera\CameraManager.cpp">
      <Filter>繧ｽ繝ｼ繧ｹ 繝輔ぃ繧､繝ｫ\engine\3d</Filter>
    </ClCompile>
    <ClCompile Include="game\scene\GamePlayScene.cpp">
      <Filter>繧ｽ繝ｼ繧ｹ 繝輔ぃ繧､繝ｫ\engine\scene</Filter>
    </ClCompile>
    <ClCompile Include="game\scene\GamePlayScene.HUD.cpp">
      <Filter>繧ｽ繝ｼ繧ｹ 繝輔ぃ繧､繝ｫ\engine\scene</Filter>
    </ClCompile>
    <ClCompile Include="game\scene\GamePlayScene.Setup.cpp">
      <Filter>繧ｽ繝ｼ繧ｹ 繝輔ぃ繧､繝ｫ\engine\scene</Filter>
    </ClCompile>
    <ClCompile Include="game\scene\GamePlayScene.Update.cpp">
      <Filter>繧ｽ繝ｼ繧ｹ 繝輔ぃ繧､繝ｫ\engine\scene</Filter>
    </ClCompile>
    <ClCompile Include="game\scene\PreviewScene.cpp">
      <Filter>繧ｽ繝ｼ繧ｹ 繝輔ぃ繧､繝ｫ\engine\scene</Filter>
    </ClCompile>
    <ClCompile Include="game\scene\SceneAssetEditorScene.cpp">
      <Filter>繧ｽ繝ｼ繧ｹ 繝輔ぃ繧､繝ｫ\engine\scene</Filter>
    </ClCompile>
    <ClCompile Include="game\scene\SceneController.cpp" />
    <ClCompile Include="game\scene\TutorialScene.cpp">
      <Filter>繧ｽ繝ｼ繧ｹ 繝輔ぃ繧､繝ｫ\engine\scene</Filter>
    </ClCompile>
    <ClCompile Include="engine\utility\SystemDebug\ImguiManager.cpp">
      <Filter>繧ｽ繝ｼ繧ｹ 繝輔ぃ繧､繝ｫ\engine\io</Filter>
    </ClCompile>
    <ClCompile Include="engine\utility\SystemDebug\ProfilerManager.cpp">
      <Filter>繧ｽ繝ｼ繧ｹ 繝輔ぃ繧､繝ｫ\engine\io</Filter>
    </ClCompile>
    <ClCompile Include="engine\graphics\particle\ParticleCommon.cpp">
      <Filter>繧ｽ繝ｼ繧ｹ 繝輔ぃ繧､繝ｫ\engine\3d</Filter>
    </ClCompile>
    <ClCompile Include="engine\graphics\particle\ParticleSystem.cpp">
      <Filter>繧ｽ繝ｼ繧ｹ 繝輔ぃ繧､繝ｫ\engine\3d</Filter>
    </ClCompile>
    <ClCompile Include="engine\graphics\core\SrvManager.cpp">
      <Filter>繧ｽ繝ｼ繧ｹ 繝輔ぃ繧､繝ｫ\engine\3d</Filter>
    </ClCompile>
    <ClCompile Include="engine\system\collision\CollisionManager.cpp">
      <Filter>繧ｽ繝ｼ繧ｹ 繝輔ぃ繧､繝ｫ</Filter>
    </ClCompile>
    <ClCompile Include="engine\system\navigation\NavGrid.cpp">
      <Filter>繧ｽ繝ｼ繧ｹ 繝輔ぃ繧､繝ｫ</Filter>
    </ClCompile>
    <ClCompile Include="engine\component\NavAgentComponent.cpp">
      <Filter>繧ｽ繝ｼ繧ｹ 繝輔ぃ繧､繝ｫ</Filter>
    </ClCompile>
    <ClCompile Include="game\actor\player\Player.cpp">
      <Filter>繧ｽ繝ｼ繧ｹ 繝輔ぃ繧､繝ｫ</Filter>
    </ClCompile>
    <ClCompile Include="game\actor\Character.cpp">
      <Filter>繧ｽ繝ｼ繧ｹ 繝輔ぃ繧､繝ｫ</Filter>
    </ClCompile>
    <ClCompile Include="engine\system\collision\CollisionConfig.cpp">
      <Filter>繧ｽ繝ｼ繧ｹ 繝輔ぃ繧､繝ｫ</Filter>
    </ClCompile>
    <ClCompile Include="engine\utility\SystemDebug\editor\core\DebugEditor.cpp">
      <Filter>繧ｽ繝ｼ繧ｹ 繝輔ぃ繧､繝ｫ</Filter>
    </ClCompile>
    <ClCompile Include="engine\utility\SystemDebug\editor\core\DebugEditor.Placement.cpp">
      <Filter>繧ｽ繝ｼ繧ｹ 繝輔ぃ繧､繝ｫ</Filter>
    </ClCompile>
    <ClCompile Include="engine\utility\SystemDebug\editor\core\DebugEditor.CrashRecovery.cpp">
      <Filter>繧ｽ繝ｼ繧ｹ 繝輔ぃ繧､繝ｫ</Filter>
    </ClCompile>
    <ClCompile Include="engine\utility\SystemDebug\editor\core\DebugEditor.Save.cpp">
      <Filter>繧ｽ繝ｼ繧ｹ 繝輔ぃ繧､繝ｫ</Filter>
    </ClCompile>
    <ClCompile Include="engine\utility\SystemDebug\editor\core\DebugEditor.Selection.cpp">
      <Filter>繧ｽ繝ｼ繧ｹ 繝輔ぃ繧､繝ｫ</Filter>
    </ClCompile>
    <ClCompile Include="engine\utility\SystemDebug\editor\core\DebugEditor.Commands.cpp">
      <Filter>繧ｽ繝ｼ繧ｹ 繝輔ぃ繧､繝ｫ</Filter>
    </ClCompile>
    <ClCompile Include="engine\utility\SystemDebug\editor\core\EditorCommandRegistry.cpp" />
    <ClCompile Include="engine\graphics\3d\object\Object3d.Animation.cpp" />
    <ClCompile Include="engine\utility\SystemDebug\editor\core\EditorPropertyDrawer.cpp" />
    <ClCompile Include="engine\utility\SystemDebug\editor\core\EditorPropertyRegistry.cpp" />
    <ClCompile Include="engine\utility\SystemDebug\editor\core\AssetDatabase.cpp" />
    <ClCompile Include="engine\utility\SystemDebug\editor\core\EditorTransactionManager.cpp" />
    <ClCompile Include="engine\utility\SystemDebug\editor\windows\PropertyMatrixWindow.cpp" />
    <ClCompile Include="engine\utility\SystemDebug\editor\core\DebugEditor.View.cpp">
      <Filter>繧ｽ繝ｼ繧ｹ 繝輔ぃ繧､繝ｫ</Filter>
    </ClCompile>
    <ClCompile Include="engine\utility\SystemDebug\editor\core\DebugEditor.Creation.cpp">
      <Filter>繧ｽ繝ｼ繧ｹ 繝輔ぃ繧､繝ｫ</Filter>
    </ClCompile>
    <ClCompile Include="externals\ImGuizmo\ImGuizmo.cpp">
      <Filter>繧ｽ繝ｼ繧ｹ 繝輔ぃ繧､繝ｫ</Filter>
    </ClCompile>
    <ClCompile Include="engine\system\scene\SceneManager.cpp">
      <Filter>繧ｽ繝ｼ繧ｹ 繝輔ぃ繧､繝ｫ</Filter>
    </ClCompile>
    <ClCompile Include="engine\system\scene\ScenePreloader.cpp">
      <Filter>繧ｽ繝ｼ繧ｹ 繝輔ぃ繧､繝ｫ</Filter>
    </ClCompile>
    <ClCompile Include="game\scene\TitleScene.cpp">
      <Filter>繧ｽ繝ｼ繧ｹ 繝輔ぃ繧､繝ｫ</Filter>
    </ClCompile>
    <ClCompile Include="game\scene\SettingsScene.cpp">
      <Filter>繧ｽ繝ｼ繧ｹ 繝輔ぃ繧､繝ｫ</Filter>
    </ClCompile>
    <ClCompile Include="engine\utility\SystemDebug\editor\misc\SpriteDebugEditor.cpp">
      <Filter>繧ｽ繝ｼ繧ｹ 繝輔ぃ繧､繝ｫ</Filter>
    </ClCompile>
    <ClCompile Include="engine\graphics\2d\Text.cpp">
      <Filter>繧ｽ繝ｼ繧ｹ 繝輔ぃ繧､繝ｫ</Filter>
    </ClCompile>
    <ClCompile Include="engine\graphics\3d\light\Light.cpp">
      <Filter>繧ｽ繝ｼ繧ｹ 繝輔ぃ繧､繝ｫ</Filter>
    </ClCompile>
    <ClCompile Include="engine\graphics\3d\light\LightManager.cpp">
      <Filter>繧ｽ繝ｼ繧ｹ 繝輔ぃ繧､繝ｫ</Filter>
    </ClCompile>
    <ClCompile Include="game\system\EventManager.cpp">
      <Filter>繧ｽ繝ｼ繧ｹ 繝輔ぃ繧､繝ｫ</Filter>
    </ClCompile>
    <ClCompile Include="engine\utility\SystemDebug\editor\vfx\ParticleEditor.cpp">
      <Filter>繧ｽ繝ｼ繧ｹ 繝輔ぃ繧､繝ｫ</Filter>
    </ClCompile>
    <ClCompile Include="engine\utility\SystemDebug\DebugConsole.cpp">
      <Filter>繧ｽ繝ｼ繧ｹ 繝輔ぃ繧､繝ｫ</Filter>
    </ClCompile>
    <ClCompile Include="engine\system\scene\SceneFactory.cpp">
      <Filter>繧ｽ繝ｼ繧ｹ 繝輔ぃ繧､繝ｫ</Filter>
    </ClCompile>
    <ClCompile Include="engine\utility\SystemDebug\Log.cpp">
      <Filter>繧ｽ繝ｼ繧ｹ 繝輔ぃ繧､繝ｫ</Filter>
    </ClCompile>
    <ClCompile Include="game\actor\Bullet.cpp">
      <Filter>繧ｽ繝ｼ繧ｹ 繝輔ぃ繧､繝ｫ</Filter>
    </ClCompile>
    <ClCompile Include="game\system\BulletManager.cpp">
      <Filter>繧ｽ繝ｼ繧ｹ 繝輔ぃ繧､繝ｫ</Filter>
    </ClCompile>
    <ClCompile Include="game\component\MoveStrategy3D.cpp">
      <Filter>繧ｽ繝ｼ繧ｹ 繝輔ぃ繧､繝ｫ</Filter>
    </ClCompile>
    <ClCompile Include="game\component\MoveStrategy2D.cpp">
      <Filter>繧ｽ繝ｼ繧ｹ 繝輔ぃ繧､繝ｫ</Filter>
    </ClCompile>
    <ClCompile Include="engine\utility\math\Easing.cpp">
      <Filter>繧ｽ繝ｼ繧ｹ 繝輔ぃ繧､繝ｫ</Filter>
    </ClCompile>
    <ClCompile Include="engine\utility\SystemDebug\editor\graphics\LightEditor.cpp">
      <Filter>繧ｽ繝ｼ繧ｹ 繝輔ぃ繧､繝ｫ</Filter>
    </ClCompile>
    <ClCompile Include="engine\utility\SystemDebug\editor\core\BuiltInCreatePresetRegistry.cpp">
      <Filter>繧ｽ繝ｼ繧ｹ 繝輔ぃ繧､繝ｫ</Filter>
    </ClCompile>
    <ClCompile Include="engine\utility\SystemDebug\editor\misc\GhostRecorder.cpp">
      <Filter>繧ｽ繝ｼ繧ｹ 繝輔ぃ繧､繝ｫ</Filter>
    </ClCompile>
    <ClCompile Include="game\system\GameRule.cpp">
      <Filter>繧ｽ繝ｼ繧ｹ 繝輔ぃ繧､繝ｫ</Filter>
    </ClCompile>
    <ClCompile Include="game\system\HitEffectDirector.cpp">
      <Filter>繧ｽ繝ｼ繧ｹ 繝輔ぃ繧､繝ｫ</Filter>
    </ClCompile>
    <ClCompile Include="game\system\GameSettingsManager.cpp">
      <Filter>繧ｽ繝ｼ繧ｹ 繝輔ぃ繧､繝ｫ</Filter>
    </ClCompile>
    <ClCompile Include="game\system\GameAudioSettings.cpp">
      <Filter>繧ｽ繝ｼ繧ｹ 繝輔ぃ繧､繝ｫ</Filter>
    </ClCompile>
    <ClCompile Include="game\ui\ControlsGuideOverlay.cpp">
      <Filter>繧ｽ繝ｼ繧ｹ 繝輔ぃ繧､繝ｫ</Filter>
    </ClCompile>
    <ClCompile Include="game\system\TutorialDirector.cpp" />
    <ClCompile Include="game\ui\PauseMenuOverlay.cpp">
      <Filter>繧ｽ繝ｼ繧ｹ 繝輔ぃ繧､繝ｫ</Filter>
    </ClCompile>
    <ClCompile Include="game\ui\SaveIndicatorOverlay.cpp">
      <Filter>繧ｽ繝ｼ繧ｹ 繝輔ぃ繧､繝ｫ</Filter>
    </ClCompile>
    <ClCompile Include="game\ui\SettingsMenuOverlay.cpp">
      <Filter>繧ｽ繝ｼ繧ｹ 繝輔ぃ繧､繝ｫ</Filter>
    </ClCompile>
    <ClCompile Include="engine\utility\SystemDebug\editor\graphics\CameraEditor.cpp">
      <Filter>繧ｽ繝ｼ繧ｹ 繝輔ぃ繧､繝ｫ</Filter>
    </ClCompile>
    <ClCompile Include="game\actor\enemy\core\BaseEnemy.cpp">
      <Filter>繧ｽ繝ｼ繧ｹ 繝輔ぃ繧､繝ｫ</Filter>
    </ClCompile>
    <ClCompile Include="game\actor\enemy\core\AttackTelegraph.cpp" />
    <ClCompile Include="game\actor\enemy\core\EnemyAttackProfile.cpp" />
    <ClCompile Include="game\actor\enemy\normal\EnemySlime.cpp">
      <Filter>繧ｽ繝ｼ繧ｹ 繝輔ぃ繧､繝ｫ</Filter>
    </ClCompile>
    <ClCompile Include="game\actor\enemy\ranged\EnemyBomb.cpp">
      <Filter>繧ｽ繝ｼ繧ｹ 繝輔ぃ繧､繝ｫ</Filter>
    </ClCompile>
    <ClCompile Include="game\actor\enemy\normal\EnemyMushroom.cpp">
      <Filter>繧ｽ繝ｼ繧ｹ 繝輔ぃ繧､繝ｫ</Filter>
    </ClCompile>
    <ClCompile Include="game\actor\enemy\elemental\EnemyFireSlime.cpp">
      <Filter>郢ｧ・ｽ郢晢ｽｼ郢ｧ・ｹ 郢晁ｼ斐＜郢ｧ・､郢晢ｽｫ</Filter>
    </ClCompile>
    <ClCompile Include="game\actor\enemy\elemental\EnemyThunderSlime.cpp">
      <Filter>郢ｧ・ｽ郢晢ｽｼ郢ｧ・ｹ 郢晁ｼ斐＜郢ｧ・､郢晢ｽｫ</Filter>
    </ClCompile>
    <ClCompile Include="game\actor\enemy\elemental\EnemyWindSlime.cpp">
      <Filter>郢ｧ・ｽ郢晢ｽｼ郢ｧ・ｹ 郢晁ｼ斐＜郢ｧ・､郢晢ｽｫ</Filter>
    </ClCompile>
    <ClCompile Include="game\actor\enemy\heavy\EnemyGiantSlime.cpp">
      <Filter>繧ｽ繝ｼ繧ｹ 繝輔ぃ繧､繝ｫ</Filter>
    </ClCompile>
    <ClCompile Include="game\actor\enemy\boss\EnemyPrismSlime.cpp" />
    <ClCompile Include="game\actor\enemy\flying\EnemyBat.cpp">
      <Filter>繧ｽ繝ｼ繧ｹ 繝輔ぃ繧､繝ｫ</Filter>
    </ClCompile>
    <ClCompile Include="game\actor\enemy\ranged\EnemyBeamDrone.cpp">
      <Filter>繧ｽ繝ｼ繧ｹ 繝輔ぃ繧､繝ｫ</Filter>
    </ClCompile>
    <ClCompile Include="game\system\EnemyFactory.cpp">
      <Filter>繧ｽ繝ｼ繧ｹ 繝輔ぃ繧､繝ｫ</Filter>
    </ClCompile>
    <ClCompile Include="game\system\GameplayStatusManager.cpp">
      <Filter>繧ｽ繝ｼ繧ｹ 繝輔ぃ繧､繝ｫ</Filter>
    </ClCompile>
    <ClCompile Include="externals\imgui\imgui.cpp">
      <Filter>繧ｽ繝ｼ繧ｹ 繝輔ぃ繧､繝ｫ</Filter>
    </ClCompile>
    <ClCompile Include="externals\imgui\imgui_demo.cpp">
      <Filter>繧ｽ繝ｼ繧ｹ 繝輔ぃ繧､繝ｫ</Filter>
    </ClCompile>
    <ClCompile Include="externals\imgui\imgui_draw.cpp">
      <Filter>繧ｽ繝ｼ繧ｹ 繝輔ぃ繧､繝ｫ</Filter>
    </ClCompile>
    <ClCompile Include="externals\imgui\imgui_impl_win32.cpp">
      <Filter>繧ｽ繝ｼ繧ｹ 繝輔ぃ繧､繝ｫ</Filter>
    </ClCompile>
    <ClCompile Include="externals\imgui\imgui_tables.cpp">
      <Filter>繧ｽ繝ｼ繧ｹ 繝輔ぃ繧､繝ｫ</Filter>
    </ClCompile>
    <ClCompile Include="externals\imgui\imgui_widgets.cpp">
      <Filter>繧ｽ繝ｼ繧ｹ 繝輔ぃ繧､繝ｫ</Filter>
    </ClCompile>
    <ClCompile Include="externals\imgui\imgui_impl_dx12.cpp">
      <Filter>繧ｽ繝ｼ繧ｹ 繝輔ぃ繧､繝ｫ</Filter>
    </ClCompile>
    <ClCompile Include="engine\utility\SystemDebug\editor\core\PresetManager.cpp">
      <Filter>繧ｽ繝ｼ繧ｹ 繝輔ぃ繧､繝ｫ</Filter>
    </ClCompile>
    <ClCompile Include="game\system\EnemySpawner.cpp">
      <Filter>繧ｽ繝ｼ繧ｹ 繝輔ぃ繧､繝ｫ</Filter>
    </ClCompile>
    <ClCompile Include="game\scene\GameClearScene.cpp">
      <Filter>繧ｽ繝ｼ繧ｹ 繝輔ぃ繧､繝ｫ</Filter>
    </ClCompile>
    <ClCompile Include="game\scene\GameOverScene.cpp">
      <Filter>繧ｽ繝ｼ繧ｹ 繝輔ぃ繧､繝ｫ</Filter>
    </ClCompile>
    <ClCompile Include="engine\component\Collider.cpp">
      <Filter>繧ｽ繝ｼ繧ｹ 繝輔ぃ繧､繝ｫ</Filter>
    </ClCompile>
    <ClCompile Include="engine\graphics\3d\MeshRenderer.cpp">
      <Filter>繧ｽ繝ｼ繧ｹ 繝輔ぃ繧､繝ｫ</Filter>
    </ClCompile>
    <ClCompile Include="engine\graphics\3d\MeshRenderer.SpecialMaterial.cpp">
      <Filter>繧ｽ繝ｼ繧ｹ 繝輔ぃ繧､繝ｫ</Filter>
    </ClCompile>
    <ClCompile Include="engine\graphics\3d\MeshRenderer.Lod.cpp">
      <Filter>繧ｽ繝ｼ繧ｹ 繝輔ぃ繧､繝ｫ</Filter>
    </ClCompile>
    <ClCompile Include="engine\graphics\3d\MeshRenderer.Material.cpp">
      <Filter>繧ｽ繝ｼ繧ｹ 繝輔ぃ繧､繝ｫ</Filter>
    </ClCompile>
    <ClCompile Include="engine\graphics\3d\MeshRenderer.Shadow.cpp">
      <Filter>繧ｽ繝ｼ繧ｹ 繝輔ぃ繧､繝ｫ</Filter>
    </ClCompile>
    <ClCompile Include="game\system\LevelLoader.cpp">
      <Filter>繧ｽ繝ｼ繧ｹ 繝輔ぃ繧､繝ｫ</Filter>
    </ClCompile>
    <ClCompile Include="game\system\LockOnSystem.cpp">
      <Filter>繧ｽ繝ｼ繧ｹ 繝輔ぃ繧､繝ｫ</Filter>
    </ClCompile>
    <ClCompile Include="game\system\ObjectManager.cpp">
      <Filter>繧ｽ繝ｼ繧ｹ 繝輔ぃ繧､繝ｫ</Filter>
    </ClCompile>
    <ClCompile Include="game\actor\player\PlayerMover.cpp">
      <Filter>繧ｽ繝ｼ繧ｹ 繝輔ぃ繧､繝ｫ</Filter>
    </ClCompile>
    <ClCompile Include="game\actor\player\PlayerSlimeAnimator.cpp">
      <Filter>繧ｽ繝ｼ繧ｹ 繝輔ぃ繧､繝ｫ</Filter>
    </ClCompile>
    <ClCompile Include="game\actor\player\PlayerGateReturnAnimation.cpp">
      <Filter>繧ｽ繝ｼ繧ｹ 繝輔ぃ繧､繝ｫ</Filter>
    </ClCompile>
    <ClCompile Include="engine\utility\state\IAnimationState.cpp">
      <Filter>繧ｽ繝ｼ繧ｹ 繝輔ぃ繧､繝ｫ</Filter>
    </ClCompile>
    <ClCompile Include="game\actor\player\PlayerDeathAnimation.cpp" />
    <ClCompile Include="game\actor\player\PlayerState.cpp">
      <Filter>繧ｽ繝ｼ繧ｹ 繝輔ぃ繧､繝ｫ</Filter>
    </ClCompile>
    <ClCompile Include="game\actor\player\PlayerState.Basic.cpp">
      <Filter>繧ｽ繝ｼ繧ｹ 繝輔ぃ繧､繝ｫ</Filter>
    </ClCompile>
    <ClCompile Include="game\actor\player\PlayerState.Damage.cpp">
      <Filter>繧ｽ繝ｼ繧ｹ 繝輔ぃ繧､繝ｫ</Filter>
    </ClCompile>
    <ClCompile Include="game\actor\player\PlayerState.Hook.cpp">
      <Filter>繧ｽ繝ｼ繧ｹ 繝輔ぃ繧､繝ｫ</Filter>
    </ClCompile>
    <ClCompile Include="game\actor\player\PlayerState.Life.cpp">
      <Filter>繧ｽ繝ｼ繧ｹ 繝輔ぃ繧､繝ｫ</Filter>
    </ClCompile>
    <ClCompile Include="game\actor\player\PlayerState.PullEnemy.cpp">
      <Filter>繧ｽ繝ｼ繧ｹ 繝輔ぃ繧､繝ｫ</Filter>
    </ClCompile>
    <ClCompile Include="game\actor\player\PlayerState.PullObject.cpp">
      <Filter>繧ｽ繝ｼ繧ｹ 繝輔ぃ繧､繝ｫ</Filter>
    </ClCompile>
    <ClCompile Include="game\actor\player\PlayerState.Carry.cpp">
      <Filter>繧ｽ繝ｼ繧ｹ 繝輔ぃ繧､繝ｫ</Filter>
    </ClCompile>
    <ClCompile Include="engine\graphics\particle\ParticleManager.cpp">
      <Filter>繧ｽ繝ｼ繧ｹ 繝輔ぃ繧､繝ｫ</Filter>
    </ClCompile>
    <ClCompile Include="engine\graphics\postprocess\Fade.cpp">
      <Filter>繧ｽ繝ｼ繧ｹ 繝輔ぃ繧､繝ｫ</Filter>
    </ClCompile>
    <ClCompile Include="engine\graphics\postprocess\PostEffect.cpp">
      <Filter>繧ｽ繝ｼ繧ｹ 繝輔ぃ繧､繝ｫ</Filter>
    </ClCompile>
    <ClCompile Include="engine\utility\SystemDebug\editor\graphics\PostEffectEditor.cpp">
      <Filter>繧ｽ繝ｼ繧ｹ 繝輔ぃ繧､繝ｫ</Filter>
    </ClCompile>
    <ClCompile Include="engine\utility\SystemDebug\editor\core\EditorManager.cpp">
      <Filter>繧ｽ繝ｼ繧ｹ 繝輔ぃ繧､繝ｫ</Filter>
    </ClCompile>
    <ClCompile Include="engine\graphics\particle\GPUParticleManager.cpp">
      <Filter>繧ｽ繝ｼ繧ｹ 繝輔ぃ繧､繝ｫ</Filter>
    </ClCompile>
    <ClCompile Include="game\system\GhostDirector.cpp">
      <Filter>繧ｽ繝ｼ繧ｹ 繝輔ぃ繧､繝ｫ</Filter>
    </ClCompile>
    <ClCompile Include="game\system\CinematicPlayer.cpp">
      <Filter>繧ｽ繝ｼ繧ｹ 繝輔ぃ繧､繝ｫ</Filter>
    </ClCompile>
    <ClCompile Include="game\system\CinematicSequence.cpp">
      <Filter>繧ｽ繝ｼ繧ｹ 繝輔ぃ繧､繝ｫ</Filter>
    </ClCompile>
    <ClCompile Include="engine\animation\BodyAnimationClip.cpp" />
    <ClCompile Include="engine\animation\AnimatorController.cpp" />
    <ClCompile Include="game\actor\enemy\boss\BossCore.cpp">
      <Filter>繧ｽ繝ｼ繧ｹ 繝輔ぃ繧､繝ｫ</Filter>
    </ClCompile>
    <ClCompile Include="engine\utility\SystemDebug\editor\vfx\GPUParticleEditor.cpp">
      <Filter>繧ｽ繝ｼ繧ｹ 繝輔ぃ繧､繝ｫ</Filter>
    </ClCompile>
    <ClCompile Include="engine\graphics\particle\GPUParticleEmitter.cpp">
      <Filter>繧ｽ繝ｼ繧ｹ 繝輔ぃ繧､繝ｫ</Filter>
    </ClCompile>
    <ClCompile Include="engine\graphics\particle\VFXSequencer.cpp">
      <Filter>繧ｽ繝ｼ繧ｹ 繝輔ぃ繧､繝ｫ</Filter>
    </ClCompile>
    <ClCompile Include="engine\utility\SystemDebug\editor\vfx\VFXSequencerEditor.cpp">
      <Filter>繧ｽ繝ｼ繧ｹ 繝輔ぃ繧､繝ｫ</Filter>
    </ClCompile>
    <ClCompile Include="engine\graphics\core\RootSignatureBuilder.cpp">
      <Filter>繧ｽ繝ｼ繧ｹ 繝輔ぃ繧､繝ｫ</Filter>
    </ClCompile>
    <ClCompile Include="engine\graphics\core\GraphicsPipelineBuilder.cpp">
      <Filter>繧ｽ繝ｼ繧ｹ 繝輔ぃ繧､繝ｫ</Filter>
    </ClCompile>
    <ClCompile Include="engine\utility\SystemDebug\editor\windows\AnimationWorkbench.cpp">
      <Filter>繧ｽ繝ｼ繧ｹ 繝輔ぃ繧､繝ｫ</Filter>
    </ClCompile>
    <ClCompile Include="engine\utility\SystemDebug\editor\windows\EffectPreviewStage.cpp">
      <Filter>繧ｽ繝ｼ繧ｹ 繝輔ぃ繧､繝ｫ</Filter>
    </ClCompile>
    <ClCompile Include="engine\utility\SystemDebug\editor\windows\EnemyAttackPreviewWindow.cpp">
      <Filter>繧ｽ繝ｼ繧ｹ 繝輔ぃ繧､繝ｫ</Filter>
    </ClCompile>
    <ClCompile Include="engine\utility\SystemDebug\editor\windows\EventLinkGraph.cpp">
      <Filter>繧ｽ繝ｼ繧ｹ 繝輔ぃ繧､繝ｫ</Filter>
    </ClCompile>
    <ClCompile Include="engine\utility\SystemDebug\editor\windows\HierarchyWindow.cpp">
      <Filter>繧ｽ繝ｼ繧ｹ 繝輔ぃ繧､繝ｫ</Filter>
    </ClCompile>
    <ClCompile Include="engine\utility\SystemDebug\editor\windows\ProjectWindow.cpp">
      <Filter>繧ｽ繝ｼ繧ｹ 繝輔ぃ繧､繝ｫ</Filter>
    </ClCompile>
    <ClCompile Include="engine\utility\SystemDebug\editor\windows\InspectorWindow.cpp">
      <Filter>繧ｽ繝ｼ繧ｹ 繝輔ぃ繧､繝ｫ</Filter>
    </ClCompile>
    <ClCompile Include="engine\utility\SystemDebug\editor\windows\InspectorWindow.Spawner.cpp">
      <Filter>繧ｽ繝ｼ繧ｹ 繝輔ぃ繧､繝ｫ</Filter>
    </ClCompile>
    <ClCompile Include="engine\utility\SystemDebug\editor\windows\InspectorWindow.Enemy.cpp">
      <Filter>繧ｽ繝ｼ繧ｹ 繝輔ぃ繧､繝ｫ</Filter>
    </ClCompile>
    <ClCompile Include="engine\utility\SystemDebug\editor\windows\InspectorWindow.Gimmick.cpp">
      <Filter>繧ｽ繝ｼ繧ｹ 繝輔ぃ繧､繝ｫ</Filter>
    </ClCompile>
    <ClCompile Include="engine\utility\SystemDebug\editor\windows\InspectorWindow.Item.cpp">
      <Filter>繧ｽ繝ｼ繧ｹ 繝輔ぃ繧､繝ｫ</Filter>
    </ClCompile>
    <ClCompile Include="engine\utility\SystemDebug\editor\windows\MaterialPreviewBoard.cpp">
      <Filter>繧ｽ繝ｼ繧ｹ 繝輔ぃ繧､繝ｫ</Filter>
    </ClCompile>
    <ClCompile Include="engine\utility\SystemDebug\editor\windows\ModelOptimizerWindow.cpp">
      <Filter>繧ｽ繝ｼ繧ｹ 繝輔ぃ繧､繝ｫ</Filter>
    </ClCompile>
    <ClCompile Include="engine\utility\SystemDebug\editor\windows\TerrainEditorWindow.cpp">
      <Filter>繧ｽ繝ｼ繧ｹ 繝輔ぃ繧､繝ｫ</Filter>
    </ClCompile>
    <ClCompile Include="engine\utility\SystemDebug\editor\windows\AssetAuditWindow.cpp">
      <Filter>繧ｽ繝ｼ繧ｹ 繝輔ぃ繧､繝ｫ</Filter>
    </ClCompile>
    <ClCompile Include="engine\utility\SystemDebug\editor\windows\StatusTuningWindow.cpp">
      <Filter>繧ｽ繝ｼ繧ｹ 繝輔ぃ繧､繝ｫ</Filter>
    </ClCompile>
    <ClCompile Include="engine\utility\SystemDebug\editor\windows\JsonBackupWindow.cpp">
      <Filter>繧ｽ繝ｼ繧ｹ 繝輔ぃ繧､繝ｫ</Filter>
    </ClCompile>
    <ClCompile Include="engine\utility\SystemDebug\editor\windows\AudioSettingsWindow.cpp">
      <Filter>繧ｽ繝ｼ繧ｹ 繝輔ぃ繧､繝ｫ</Filter>
    </ClCompile>
    <ClCompile Include="engine\utility\SystemDebug\editor\windows\ExecutablePackageWindow.cpp">
      <Filter>繧ｽ繝ｼ繧ｹ 繝輔ぃ繧､繝ｫ</Filter>
    </ClCompile>
    <ClCompile Include="engine\utility\SystemDebug\editor\windows\CaptureToolWindow.cpp">
      <Filter>繧ｽ繝ｼ繧ｹ 繝輔ぃ繧､繝ｫ</Filter>
    </ClCompile>
    <ClCompile Include="engine\utility\SystemDebug\editor\windows\GameDataDebugEditor.cpp">
      <Filter>繧ｽ繝ｼ繧ｹ 繝輔ぃ繧､繝ｫ</Filter>
    </ClCompile>
    <ClCompile Include="engine\utility\SystemDebug\editor\windows\SceneSavePreview.cpp">
      <Filter>繧ｽ繝ｼ繧ｹ 繝輔ぃ繧､繝ｫ</Filter>
    </ClCompile>
    <ClCompile Include="engine\utility\SystemDebug\editor\windows\TextSpriteGenerator.cpp">
      <Filter>繧ｽ繝ｼ繧ｹ 繝輔ぃ繧､繝ｫ</Filter>
    </ClCompile>
    <ClCompile Include="engine\utility\SystemDebug\editor\windows\Text3DGenerator.cpp">
      <Filter>繧ｽ繝ｼ繧ｹ 繝輔ぃ繧､繝ｫ</Filter>
    </ClCompile>
    <ClCompile Include="engine\utility\SystemDebug\editor\core\SceneSerializer.cpp">
      <Filter>繧ｽ繝ｼ繧ｹ 繝輔ぃ繧､繝ｫ</Filter>
    </ClCompile>
    <ClCompile Include="engine\utility\SystemDebug\editor\windows\PrimitiveDrawer.cpp">
      <Filter>繧ｽ繝ｼ繧ｹ 繝輔ぃ繧､繝ｫ</Filter>
    </ClCompile>
    <ClCompile Include="engine\utility\SystemDebug\editor\windows\SceneValidator.cpp">
      <Filter>繧ｽ繝ｼ繧ｹ 繝輔ぃ繧､繝ｫ</Filter>
    </ClCompile>
    <ClCompile Include="engine\utility\SystemDebug\editor\windows\EngineManualWindow.cpp">
      <Filter>繧ｽ繝ｼ繧ｹ 繝輔ぃ繧､繝ｫ</Filter>
    </ClCompile>
    <ClCompile Include="engine\utility\SystemDebug\editor\windows\AnimatorControllerEditor.cpp" />
    <ClCompile Include="engine\utility\SystemDebug\editor\windows\ReplayDebugger.cpp" />
    <ClCompile Include="engine\utility\SystemDebug\editor\windows\ReplayDebugger.Ui.cpp" />
    <ClCompile Include="engine\graphics\3d\object\Object3d.Replay.cpp" />
    <ClCompile Include="game\actor\Character.Replay.cpp" />
    <ClCompile Include="game\actor\player\Player.Replay.cpp" />
    <ClCompile Include="game\actor\enemy\core\BaseEnemy.Replay.cpp" />
    <ClCompile Include="engine\system\input\KeyConfig.cpp">
      <Filter>繧ｽ繝ｼ繧ｹ 繝輔ぃ繧､繝ｫ</Filter>
    </ClCompile>
    <ClCompile Include="engine\graphics\effect\EffectObject3d.cpp">
      <Filter>繧ｽ繝ｼ繧ｹ 繝輔ぃ繧､繝ｫ</Filter>
    </ClCompile>
    <ClCompile Include="engine\utility\SystemDebug\editor\vfx\MeshEffectEditor.cpp">
      <Filter>繧ｽ繝ｼ繧ｹ 繝輔ぃ繧､繝ｫ</Filter>
    </ClCompile>
    <ClCompile Include="engine\graphics\effect\MeshEffectManager.cpp">
      <Filter>繧ｽ繝ｼ繧ｹ 繝輔ぃ繧､繝ｫ</Filter>
    </ClCompile>
    <ClCompile Include="engine\graphics\effect\DebrisEffectManager.cpp">
      <Filter>繧ｽ繝ｼ繧ｹ 繝輔ぃ繧､繝ｫ</Filter>
    </ClCompile>
    <ClCompile Include="engine\utility\SystemDebug\editor\vfx\DebrisEffectEditor.cpp">
      <Filter>繧ｽ繝ｼ繧ｹ 繝輔ぃ繧､繝ｫ</Filter>
    </ClCompile>
    <ClCompile Include="engine\graphics\3d\Skybox.cpp">
      <Filter>繧ｽ繝ｼ繧ｹ 繝輔ぃ繧､繝ｫ</Filter>
    </ClCompile>
    <ClCompile Include="engine\graphics\effect\TrailEmitter.cpp">
      <Filter>繧ｽ繝ｼ繧ｹ 繝輔ぃ繧､繝ｫ</Filter>
    </ClCompile>
    <ClCompile Include="engine\utility\SystemDebug\editor\vfx\TrailEmitterEditor.cpp">
      <Filter>繧ｽ繝ｼ繧ｹ 繝輔ぃ繧､繝ｫ</Filter>
    </ClCompile>
    <ClCompile Include="engine\graphics\particle\GPUParticleSystem.cpp">
      <Filter>繧ｽ繝ｼ繧ｹ 繝輔ぃ繧､繝ｫ</Filter>
    </ClCompile>
    <ClCompile Include="game\actor\gimmick\core\BaseGimmick.cpp">
      <Filter>繧ｽ繝ｼ繧ｹ 繝輔ぃ繧､繝ｫ</Filter>
    </ClCompile>
    <ClCompile Include="game\actor\gimmick\movement\GimmickMovingFloor.cpp">
      <Filter>繧ｽ繝ｼ繧ｹ 繝輔ぃ繧､繝ｫ</Filter>
    </ClCompile>
    <ClCompile Include="game\actor\gimmick\movement\GimmickTrampoline.cpp">
      <Filter>繧ｽ繝ｼ繧ｹ 繝輔ぃ繧､繝ｫ</Filter>
    </ClCompile>
    <ClCompile Include="game\actor\gimmick\movement\GimmickLaunchStar.cpp">
      <Filter>繧ｽ繝ｼ繧ｹ 繝輔ぃ繧､繝ｫ</Filter>
    </ClCompile>
    <ClCompile Include="game\actor\gimmick\block\GimmickChikuwaBlock.cpp">
      <Filter>繧ｽ繝ｼ繧ｹ 繝輔ぃ繧､繝ｫ</Filter>
    </ClCompile>
    <ClCompile Include="game\actor\gimmick\block\GimmickBlinkBlock.cpp">
      <Filter>繧ｽ繝ｼ繧ｹ 繝輔ぃ繧､繝ｫ</Filter>
    </ClCompile>
    <ClCompile Include="game\actor\gimmick\block\GimmickBreakableBlock.cpp">
      <Filter>繧ｽ繝ｼ繧ｹ 繝輔ぃ繧､繝ｫ</Filter>
    </ClCompile>
    <ClCompile Include="game\actor\gimmick\stage\GimmickCoin.cpp">
      <Filter>繧ｽ繝ｼ繧ｹ 繝輔ぃ繧､繝ｫ</Filter>
    </ClCompile>
    <ClCompile Include="game\actor\gimmick\trigger\GimmickHookAnchor.cpp">
      <Filter>繧ｽ繝ｼ繧ｹ 繝輔ぃ繧､繝ｫ</Filter>
    </ClCompile>
    <ClCompile Include="game\actor\gimmick\movement\GimmickSinkingFloor.cpp">
      <Filter>繧ｽ繝ｼ繧ｹ 繝輔ぃ繧､繝ｫ</Filter>
    </ClCompile>
    <ClCompile Include="game\actor\gimmick\movement\GimmickSeesawFloor.cpp">
      <Filter>繧ｽ繝ｼ繧ｹ 繝輔ぃ繧､繝ｫ</Filter>
    </ClCompile>
    <ClCompile Include="game\actor\gimmick\movement\GimmickDashPanel.cpp">
      <Filter>郢ｧ・ｽ郢晢ｽｼ郢ｧ・ｹ 郢晁ｼ斐＜郢ｧ・､郢晢ｽｫ</Filter>
    </ClCompile>
    <ClCompile Include="game\actor\gimmick\movement\GimmickIceFloor.cpp">
      <Filter>郢ｧ・ｽ郢晢ｽｼ郢ｧ・ｹ 郢晁ｼ斐＜郢ｧ・､郢晢ｽｫ</Filter>
    </ClCompile>
    <ClCompile Include="game\actor\gimmick\trigger\GimmickTimedSwitch.cpp">
      <Filter>郢ｧ・ｽ郢晢ｽｼ郢ｧ・ｹ 郢晁ｼ斐＜郢ｧ・､郢晢ｽｫ</Filter>
    </ClCompile>
    <ClCompile Include="game\actor\gimmick\movement\GimmickAppearingFloor.cpp">
      <Filter>郢ｧ・ｽ郢晢ｽｼ郢ｧ・ｹ 郢晁ｼ斐＜郢ｧ・､郢晢ｽｫ</Filter>
    </ClCompile>
    <ClCompile Include="game\actor\gimmick\trigger\GimmickSwitch.cpp">
      <Filter>郢ｧ・ｽ郢晢ｽｼ郢ｧ・ｹ 郢晁ｼ斐＜郢ｧ・､郢晢ｽｫ</Filter>
    </ClCompile>
    <ClCompile Include="game\actor\gimmick\trigger\GimmickEventReceiver.cpp">
      <Filter>郢ｧ・ｽ郢晢ｽｼ郢ｧ・ｹ 郢晁ｼ斐＜郢ｧ・､郢晢ｽｫ</Filter>
    </ClCompile>
    <ClCompile Include="game\actor\gimmick\trigger\GimmickHookPullBlock.cpp">
      <Filter>郢ｧ・ｽ郢晢ｽｼ郢ｧ・ｹ 郢晁ｼ斐＜郢ｧ・､郢晢ｽｫ</Filter>
    </ClCompile>
    <ClCompile Include="game\actor\gimmick\movement\GimmickOneWayFloor.cpp">
      <Filter>郢ｧ・ｽ郢晢ｽｼ郢ｧ・ｹ 郢晁ｼ斐＜郢ｧ・､郢晢ｽｫ</Filter>
    </ClCompile>
    <ClCompile Include="game\actor\gimmick\stage\GimmickLiquidLevel.cpp">
      <Filter>郢ｧ・ｽ郢晢ｽｼ郢ｧ・ｹ 郢晁ｼ斐＜郢ｧ・､郢晢ｽｫ</Filter>
    </ClCompile>
    <ClCompile Include="game\actor\gimmick\block\GimmickChainCollapseFloor.cpp">
      <Filter>郢ｧ・ｽ郢晢ｽｼ郢ｧ・ｹ 郢晁ｼ斐＜郢ｧ・､郢晢ｽｫ</Filter>
    </ClCompile>
    <ClCompile Include="game\actor\gimmick\movement\GimmickRotatingObject.cpp">
      <Filter>郢ｧ・ｽ郢晢ｽｼ郢ｧ・ｹ 郢晁ｼ斐＜郢ｧ・､郢晢ｽｫ</Filter>
    </ClCompile>
    <ClCompile Include="game\actor\gimmick\movement\GimmickPhaseFlipFloor.cpp">
      <Filter>郢ｧ・ｽ郢晢ｽｼ郢ｧ・ｹ 郢晁ｼ斐＜郢ｧ・､郢晢ｽｫ</Filter>
    </ClCompile>
    <ClCompile Include="game\actor\gimmick\combat\GimmickLaserEmitter.cpp">
      <Filter>郢ｧ・ｽ郢晢ｽｼ郢ｧ・ｹ 郢晁ｼ斐＜郢ｧ・､郢晢ｽｫ</Filter>
    </ClCompile>
    <ClCompile Include="game\actor\gimmick\combat\GimmickLaserNode.cpp">
      <Filter>郢ｧ・ｽ郢晢ｽｼ郢ｧ・ｹ 郢晁ｼ斐＜郢ｧ・､郢晢ｽｫ</Filter>
    </ClCompile>
    <ClCompile Include="game\actor\gimmick\combat\GimmickFireCannon.cpp">
      <Filter>驛｢・ｧ繝ｻ・ｽ驛｢譎｢・ｽ・ｼ驛｢・ｧ繝ｻ・ｹ 驛｢譎・ｽｼ譁撰ｼ憺Δ・ｧ繝ｻ・､驛｢譎｢・ｽ・ｫ</Filter>
    </ClCompile>
    <ClCompile Include="game\actor\gimmick\combat\GimmickMagmaHazard.cpp">
      <Filter>驛｢・ｧ繝ｻ・ｽ驛｢譎｢・ｽ・ｼ驛｢・ｧ繝ｻ・ｹ 驛｢譎・ｽｼ譁撰ｼ憺Δ・ｧ繝ｻ・､驛｢譎｢・ｽ・ｫ</Filter>
    </ClCompile>
    <ClCompile Include="game\actor\gimmick\combat\GimmickMagmaGeyser.cpp">
      <Filter>驛｢・ｧ繝ｻ・ｽ驛｢譎｢・ｽ・ｼ驛｢・ｧ繝ｻ・ｹ 驛｢譎・ｽｼ譁撰ｼ憺Δ・ｧ繝ｻ・､驛｢譎｢・ｽ・ｫ</Filter>
    </ClCompile>
    <ClCompile Include="game\actor\gimmick\stage\GimmickStageGate.cpp">
      <Filter>繧ｽ繝ｼ繧ｹ 繝輔ぃ繧､繝ｫ</Filter>
    </ClCompile>
    <ClCompile Include="game\actor\item\BaseItem.cpp">
      <Filter>繧ｽ繝ｼ繧ｹ 繝輔ぃ繧､繝ｫ</Filter>
    </ClCompile>
    <ClCompile Include="game\actor\item\HealItem.cpp">
      <Filter>繧ｽ繝ｼ繧ｹ 繝輔ぃ繧､繝ｫ</Filter>
    </ClCompile>
    <ClCompile Include="game\scene\GameSelectScene.cpp">
      <Filter>繧ｽ繝ｼ繧ｹ 繝輔ぃ繧､繝ｫ</Filter>
    </ClCompile>
    <ClCompile Include="game\actor\player\PlayerClone.cpp">
      <Filter>繧ｽ繝ｼ繧ｹ 繝輔ぃ繧､繝ｫ</Filter>
    </ClCompile>
    <ClCompile Include="game\system\GimmickFactory.cpp">
      <Filter>繧ｽ繝ｼ繧ｹ 繝輔ぃ繧､繝ｫ</Filter>
    </ClCompile>
    <ClCompile Include="game\system\ItemFactory.cpp">
      <Filter>繧ｽ繝ｼ繧ｹ 繝輔ぃ繧､繝ｫ</Filter>
    </ClCompile>
    <ClCompile Include="game\actor\enemy\ranged\EnemyBomber.cpp">
      <Filter>繧ｽ繝ｼ繧ｹ 繝輔ぃ繧､繝ｫ</Filter>
    </ClCompile>
  </ItemGroup>
  <ItemGroup>
    <None Include="Resources\shader\object3d\Object3d.hlsli">
      <Filter>繧ｷ繧ｧ繝ｼ繝繝ｼ繝輔ぃ繧､繝ｫ</Filter>
    </None>
    <None Include="Resources\shader\sprite\Sprite.PS.hlsl">
      <Filter>繧ｷ繧ｧ繝ｼ繝繝ｼ繝輔ぃ繧､繝ｫ</Filter>
    </None>
    <None Include="Resources\shader\sprite\Sprite.VS.hlsl">
      <Filter>繧ｷ繧ｧ繝ｼ繝繝ｼ繝輔ぃ繧､繝ｫ</Filter>
    </None>
    <None Include="Resources\shader\particle\Particle.VS.hlsl">
      <Filter>繧ｷ繧ｧ繝ｼ繝繝ｼ繝輔ぃ繧､繝ｫ</Filter>
    </None>
    <None Include="DUMPS\2025-0422-1117.dmp">
      <Filter>繧ｽ繝ｼ繧ｹ 繝輔ぃ繧､繝ｫ\engine\scene</Filter>
    </None>
    <None Include="Resources\shader\debug\DebugPrimitive.hlsli" />
    <None Include="Resources\shader\debug\DebugPrimitive.VS.hlsl" />
    <None Include="externals\assimp\include\assimp\color4.inl">
      <Filter>繝倥ャ繝繝ｼ 繝輔ぃ繧､繝ｫ</Filter>
    </None>
    <None Include="externals\assimp\include\assimp\material.inl">
      <Filter>繝倥ャ繝繝ｼ 繝輔ぃ繧､繝ｫ</Filter>
    </None>
    <None Include="externals\assimp\include\assimp\matrix3x3.inl">
      <Filter>繝倥ャ繝繝ｼ 繝輔ぃ繧､繝ｫ</Filter>
    </None>
    <None Include="externals\assimp\include\assimp\matrix4x4.inl">
      <Filter>繝倥ャ繝繝ｼ 繝輔ぃ繧､繝ｫ</Filter>
    </None>
    <None Include="externals\assimp\include\assimp\quaternion.inl">
      <Filter>繝倥ャ繝繝ｼ 繝輔ぃ繧､繝ｫ</Filter>
    </None>
    <None Include="externals\assimp\include\assimp\SmoothingGroups.inl">
      <Filter>繝倥ャ繝繝ｼ 繝輔ぃ繧､繝ｫ</Filter>
    </None>
    <None Include="externals\assimp\include\assimp\vector2.inl">
      <Filter>繝倥ャ繝繝ｼ 繝輔ぃ繧､繝ｫ</Filter>
    </None>
    <None Include="externals\assimp\include\assimp\vector3.inl">
      <Filter>繝倥ャ繝繝ｼ 繝輔ぃ繧､繝ｫ</Filter>
    </None>
    <None Include="Resources\shader\postprocess\PostEffect.PS.hlsl" />
    <None Include="Resources\shader\particle\GPUParticlePS.hlsl" />
    <None Include=".editorconflg" />
    <None Include=".github\copilot-instructions.md" />
    <None Include="Resources\shader\common\Water.hlsli" />
    <None Include="Resources\shader\materials\Magma.PS.hlsl" />
    <None Include="Resources\shader\materials\LocalFog.PS.hlsl" />
    <None Include="Resources\shader\materials\Water.PS.hlsl" />
    <None Include="Resources\shader\skybox\Skybox.hlsli" />
  </ItemGroup>
  <ItemGroup>
    <FxCompile Include="Resources\shader\object3d\Object3d.VS.hlsl">
      <Filter>繧ｷ繧ｧ繝ｼ繝繝ｼ繝輔ぃ繧､繝ｫ</Filter>
    </FxCompile>
    <FxCompile Include="Resources\shader\object3d\Object3d.PS.hlsl">
      <Filter>繧ｷ繧ｧ繝ｼ繝繝ｼ繝輔ぃ繧､繝ｫ</Filter>
    </FxCompile>
    <FxCompile Include="Resources\shader\particle\Particle.PS.hlsl">
      <Filter>繧ｷ繧ｧ繝ｼ繝繝ｼ繝輔ぃ繧､繝ｫ</Filter>
    </FxCompile>
    <FxCompile Include="Resources\shader\debug\DebugPrimitive.PS.hlsl" />
    <FxCompile Include="Resources\shader\postprocess\PostEffect.VS.hlsl" />
    <FxCompile Include="Resources\shader\particle\ParticleCS.hlsl" />
    <FxCompile Include="Resources\shader\particle\GPUParticleVS.hlsl" />
    <FxCompile Include="Resources\shader\materials\LocalFog.VS.hlsl" />
    <FxCompile Include="Resources\shader\effects\Effect3d.VS.hlsl" />
    <FxCompile Include="Resources\shader\effects\Effect3d.PS.hlsl" />
    <FxCompile Include="Resources\shader\materials\Water.VS.hlsl" />
    <FxCompile Include="Resources\shader\materials\Ice.PS.hlsl" />
    <FxCompile Include="Resources\shader\materials\Magma.VS.hlsl" />
    <FxCompile Include="Resources\shader\materials\Ice.VS.hlsl" />
    <FxCompile Include="Resources\shader\skybox\Skybox.PS.hlsl" />
    <FxCompile Include="Resources\shader\skybox\Skybox.VS.hlsl" />
  </ItemGroup>
  <ItemGroup>
    <ClInclude Include="engine\system\audio\AudioPlayer.h">
      <Filter>繝倥ャ繝繝ｼ 繝輔ぃ繧､繝ｫ\engine\audio</Filter>
    </ClInclude>
    <ClInclude Include="engine\utility\SystemDebug\D3DResouceLeakChecKer.h">
      <Filter>繝倥ャ繝繝ｼ 繝輔ぃ繧､繝ｫ\engine\base</Filter>
    </ClInclude>
    <ClInclude Include="engine\graphics\3d\camera\debugCamera.h">
      <Filter>繝倥ャ繝繝ｼ 繝輔ぃ繧､繝ｫ\engine\3d</Filter>
    </ClInclude>
    <ClInclude Include="engine\graphics\core\DirectXCommon.h">
      <Filter>繝倥ャ繝繝ｼ 繝輔ぃ繧､繝ｫ\engine\base</Filter>
    </ClInclude>
    <ClInclude Include="engine\graphics\core\RenderStats.h">
      <Filter>繝倥ャ繝繝ｼ 繝輔ぃ繧､繝ｫ\engine\base</Filter>
    </ClInclude>
    <ClInclude Include="engine\core\Framework.h">
      <Filter>繝倥ャ繝繝ｼ 繝輔ぃ繧､繝ｫ\engine\base</Filter>
    </ClInclude>
    <ClInclude Include="engine\core\Game.h">
      <Filter>繝倥ャ繝繝ｼ 繝輔ぃ繧､繝ｫ\engine\scene</Filter>
    </ClInclude>
    <ClInclude Include="engine\core\GameEditorController.h">
      <Filter>繝倥ャ繝繝ｼ 繝輔ぃ繧､繝ｫ\engine\scene</Filter>
    </ClInclude>
    <ClInclude Include="engine\system\input\InputManager.h">
      <Filter>繝倥ャ繝繝ｼ 繝輔ぃ繧､繝ｫ\engine\io</Filter>
    </ClInclude>
    <ClInclude Include="engine\utility\math\Math.h">
      <Filter>繝倥ャ繝繝ｼ 繝輔ぃ繧､繝ｫ\engine\base</Filter>
    </ClInclude>
    <ClInclude Include="engine\graphics\3d\model\Model.h">
      <Filter>繝倥ャ繝繝ｼ 繝輔ぃ繧､繝ｫ\engine\3d</Filter>
    </ClInclude>
    <ClInclude Include="engine\graphics\3d\model\ModelCommon.h">
      <Filter>繝倥ャ繝繝ｼ 繝輔ぃ繧､繝ｫ\engine\3d</Filter>
    </ClInclude>
    <ClInclude Include="engine\graphics\3d\model\ModelManager.h">
      <Filter>繝倥ャ繝繝ｼ 繝輔ぃ繧､繝ｫ\engine\3d</Filter>
    </ClInclude>
    <ClInclude Include="engine\graphics\3d\object\Object3d.h">
      <Filter>繝倥ャ繝繝ｼ 繝輔ぃ繧､繝ｫ\engine\3d</Filter>
    </ClInclude>
    <ClInclude Include="engine\graphics\3d\object\Object3dCommon.h">
      <Filter>繝倥ャ繝繝ｼ 繝輔ぃ繧､繝ｫ\engine\3d</Filter>
    </ClInclude>
    <ClInclude Include="engine\graphics\2d\SpriteCommon.h">
      <Filter>繝倥ャ繝繝ｼ 繝輔ぃ繧､繝ｫ\engine\2d</Filter>
    </ClInclude>
    <ClInclude Include="engine\graphics\2d\Sprite.h">
      <Filter>繝倥ャ繝繝ｼ 繝輔ぃ繧､繝ｫ\engine\2d</Filter>
    </ClInclude>
    <ClInclude Include="engine\platform\WinApp.h">
      <Filter>繝倥ャ繝繝ｼ 繝輔ぃ繧､繝ｫ\engine\base</Filter>
    </ClInclude>
    <ClInclude Include="engine\graphics\core\TextureManager.h">
      <Filter>繝倥ャ繝繝ｼ 繝輔ぃ繧､繝ｫ\engine\3d</Filter>
    </ClInclude>
    <ClInclude Include="engine\system\scene\BaseScene.h">
      <Filter>繝倥ャ繝繝ｼ 繝輔ぃ繧､繝ｫ\engine\scene</Filter>
    </ClInclude>
    <ClInclude Include="engine\system\scene\LoadingScene.h">
      <Filter>繝倥ャ繝繝ｼ 繝輔ぃ繧､繝ｫ\engine\scene</Filter>
    </ClInclude>
    <ClInclude Include="engine\graphics\3d\camera\Camera.h">
      <Filter>繝倥ャ繝繝ｼ 繝輔ぃ繧､繝ｫ\engine\3d</Filter>
    </ClInclude>
    <ClInclude Include="engine\graphics\3d\camera\SceneCameraSettings.h">
      <Filter>繝倥ャ繝繝ｼ 繝輔ぃ繧､繝ｫ\engine\3d</Filter>
    </ClInclude>
    <ClInclude Include="engine\graphics\3d\camera\CameraManager.h">
      <Filter>繝倥ャ繝繝ｼ 繝輔ぃ繧､繝ｫ\engine\3d</Filter>
    </ClInclude>
    <ClInclude Include="game\scene\GamePlayScene.h">
      <Filter>繝倥ャ繝繝ｼ 繝輔ぃ繧､繝ｫ\engine\scene</Filter>
    </ClInclude>
    <ClInclude Include="game\scene\PreviewScene.h">
      <Filter>繝倥ャ繝繝ｼ 繝輔ぃ繧､繝ｫ\engine\scene</Filter>
    </ClInclude>
    <ClInclude Include="game\scene\SceneAssetEditorScene.h">
      <Filter>繝倥ャ繝繝ｼ 繝輔ぃ繧､繝ｫ\engine\scene</Filter>
    </ClInclude>
    <ClInclude Include="game\scene\SceneController.h" />
    <ClInclude Include="engine\system\scene\SceneLoadContext.h" />
    <ClInclude Include="game\scene\TutorialScene.h">
      <Filter>繝倥ャ繝繝ｼ 繝輔ぃ繧､繝ｫ\engine\scene</Filter>
    </ClInclude>
    <ClInclude Include="engine\utility\SystemDebug\ImguiManager.h">
      <Filter>繝倥ャ繝繝ｼ 繝輔ぃ繧､繝ｫ\engine\io</Filter>
    </ClInclude>
    <ClInclude Include="engine\utility\SystemDebug\ProfilerManager.h">
      <Filter>繝倥ャ繝繝ｼ 繝輔ぃ繧､繝ｫ\engine\io</Filter>
    </ClInclude>
    <ClInclude Include="engine\graphics\particle\ParticleCommon.h">
      <Filter>繝倥ャ繝繝ｼ 繝輔ぃ繧､繝ｫ\engine\3d</Filter>
    </ClInclude>
    <ClInclude Include="engine\graphics\core\SrvManager.h">
      <Filter>繝倥ャ繝繝ｼ 繝輔ぃ繧､繝ｫ\engine\3d</Filter>
    </ClInclude>
    <ClInclude Include="engine\graphics\particle\ParticleSystem.h">
      <Filter>繝倥ャ繝繝ｼ 繝輔ぃ繧､繝ｫ\engine\3d</Filter>
    </ClInclude>
    <ClInclude Include="engine\system\collision\CollisionManager.h">
      <Filter>繝倥ャ繝繝ｼ 繝輔ぃ繧､繝ｫ</Filter>
    </ClInclude>
    <ClInclude Include="engine\system\collision\CollisionEvent.h">
      <Filter>繝倥ャ繝繝ｼ 繝輔ぃ繧､繝ｫ</Filter>
    </ClInclude>
    <ClInclude Include="engine\system\navigation\NavGrid.h">
      <Filter>繝倥ャ繝繝ｼ 繝輔ぃ繧､繝ｫ</Filter>
    </ClInclude>
    <ClInclude Include="game\actor\player\Player.h">
      <Filter>繝倥ャ繝繝ｼ 繝輔ぃ繧､繝ｫ</Filter>
    </ClInclude>
    <ClInclude Include="game\actor\CollisionConfig.h">
      <Filter>繝倥ャ繝繝ｼ 繝輔ぃ繧､繝ｫ</Filter>
    </ClInclude>
    <ClInclude Include="game\actor\Character.h">
      <Filter>繝倥ャ繝繝ｼ 繝輔ぃ繧､繝ｫ</Filter>
    </ClInclude>
    <ClInclude Include="engine\utility\SystemDebug\editor\core\DebugEditor.h">
      <Filter>繝倥ャ繝繝ｼ 繝輔ぃ繧､繝ｫ</Filter>
    </ClInclude>
    <ClInclude Include="externals\ImGuizmo\ImGuizmo.h">
      <Filter>繝倥ャ繝繝ｼ 繝輔ぃ繧､繝ｫ</Filter>
    </ClInclude>
    <ClInclude Include="engine\system\scene\SceneManager.h">
      <Filter>繝倥ャ繝繝ｼ 繝輔ぃ繧､繝ｫ</Filter>
    </ClInclude>
    <ClInclude Include="engine\system\scene\ScenePreloader.h">
      <Filter>繝倥ャ繝繝ｼ 繝輔ぃ繧､繝ｫ</Filter>
    </ClInclude>
    <ClInclude Include="game\scene\TitleScene.h">
      <Filter>繝倥ャ繝繝ｼ 繝輔ぃ繧､繝ｫ</Filter>
    </ClInclude>
    <ClInclude Include="game\scene\SettingsScene.h">
      <Filter>繝倥ャ繝繝ｼ 繝輔ぃ繧､繝ｫ</Filter>
    </ClInclude>
    <ClInclude Include="engine\utility\SystemDebug\editor\misc\SpriteDebugEditor.h">
      <Filter>繝倥ャ繝繝ｼ 繝輔ぃ繧､繝ｫ</Filter>
    </ClInclude>
    <ClInclude Include="engine\graphics\2d\Text.h">
      <Filter>繝倥ャ繝繝ｼ 繝輔ぃ繧､繝ｫ</Filter>
    </ClInclude>
    <ClInclude Include="engine\graphics\3d\light\Light.h">
      <Filter>繝倥ャ繝繝ｼ 繝輔ぃ繧､繝ｫ</Filter>
    </ClInclude>
    <ClInclude Include="engine\graphics\3d\light\LightManager.h">
      <Filter>繝倥ャ繝繝ｼ 繝輔ぃ繧､繝ｫ</Filter>
    </ClInclude>
    <ClInclude Include="game\actor\Event.h">
      <Filter>繝倥ャ繝繝ｼ 繝輔ぃ繧､繝ｫ</Filter>
    </ClInclude>
    <ClInclude Include="game\system\EventManager.h">
      <Filter>繝倥ャ繝繝ｼ 繝輔ぃ繧､繝ｫ</Filter>
    </ClInclude>
    <ClInclude Include="engine\utility\SystemDebug\editor\vfx\ParticleEditor.h">
      <Filter>繝倥ャ繝繝ｼ 繝輔ぃ繧､繝ｫ</Filter>
    </ClInclude>
    <ClInclude Include="engine\utility\SystemDebug\DebugConsole.h">
      <Filter>繝倥ャ繝繝ｼ 繝輔ぃ繧､繝ｫ</Filter>
    </ClInclude>
    <ClInclude Include="engine\system\scene\AbstractSceneFactory.h">
      <Filter>繝倥ャ繝繝ｼ 繝輔ぃ繧､繝ｫ</Filter>
    </ClInclude>
    <ClInclude Include="engine\system\scene\SceneFactory.h">
      <Filter>繝倥ャ繝繝ｼ 繝輔ぃ繧､繝ｫ</Filter>
    </ClInclude>
    <ClInclude Include="engine\utility\SystemDebug\Log.h">
      <Filter>繝倥ャ繝繝ｼ 繝輔ぃ繧､繝ｫ</Filter>
    </ClInclude>
    <ClInclude Include="game\actor\Bullet.h">
      <Filter>繝倥ャ繝繝ｼ 繝輔ぃ繧､繝ｫ</Filter>
    </ClInclude>
    <ClInclude Include="game\system\BulletManager.h">
      <Filter>繝倥ャ繝繝ｼ 繝輔ぃ繧､繝ｫ</Filter>
    </ClInclude>
    <ClInclude Include="game\component\IMoveStrategy.h">
      <Filter>繝倥ャ繝繝ｼ 繝輔ぃ繧､繝ｫ</Filter>
    </ClInclude>
    <ClInclude Include="game\component\MoveStrategy3D.h">
      <Filter>繝倥ャ繝繝ｼ 繝輔ぃ繧､繝ｫ</Filter>
    </ClInclude>
    <ClInclude Include="game\component\MoveStrategy2D.h">
      <Filter>繝倥ャ繝繝ｼ 繝輔ぃ繧､繝ｫ</Filter>
    </ClInclude>
    <ClInclude Include="engine\utility\math\Easing.h">
      <Filter>繝倥ャ繝繝ｼ 繝輔ぃ繧､繝ｫ</Filter>
    </ClInclude>
    <ClInclude Include="engine\utility\SystemDebug\editor\graphics\LightEditor.h">
      <Filter>繝倥ャ繝繝ｼ 繝輔ぃ繧､繝ｫ</Filter>
    </ClInclude>
    <ClInclude Include="engine\utility\SystemDebug\editor\core\BuiltInCreatePresetRegistry.h">
      <Filter>繝倥ャ繝繝ｼ 繝輔ぃ繧､繝ｫ</Filter>
    </ClInclude>
    <ClInclude Include="engine\utility\SystemDebug\editor\misc\GhostRecorder.h">
      <Filter>繝倥ャ繝繝ｼ 繝輔ぃ繧､繝ｫ</Filter>
    </ClInclude>
    <ClInclude Include="externals\assimp\include\assimp\aabb.h">
      <Filter>繝倥ャ繝繝ｼ 繝輔ぃ繧､繝ｫ</Filter>
    </ClInclude>
    <ClInclude Include="externals\assimp\include\assimp\ai_assert.h">
      <Filter>繝倥ャ繝繝ｼ 繝輔ぃ繧､繝ｫ</Filter>
    </ClInclude>
    <ClInclude Include="externals\assimp\include\assimp\anim.h">
      <Filter>繝倥ャ繝繝ｼ 繝輔ぃ繧､繝ｫ</Filter>
    </ClInclude>
    <ClInclude Include="externals\assimp\include\assimp\AssertHandler.h">
      <Filter>繝倥ャ繝繝ｼ 繝輔ぃ繧､繝ｫ</Filter>
    </ClInclude>
    <ClInclude Include="externals\assimp\include\assimp\Base64.hpp">
      <Filter>繝倥ャ繝繝ｼ 繝輔ぃ繧､繝ｫ</Filter>
    </ClInclude>
    <ClInclude Include="externals\assimp\include\assimp\BaseImporter.h">
      <Filter>繝倥ャ繝繝ｼ 繝輔ぃ繧､繝ｫ</Filter>
    </ClInclude>
    <ClInclude Include="externals\assimp\include\assimp\Bitmap.h">
      <Filter>繝倥ャ繝繝ｼ 繝輔ぃ繧､繝ｫ</Filter>
    </ClInclude>
    <ClInclude Include="externals\assimp\include\assimp\BlobIOSystem.h">
      <Filter>繝倥ャ繝繝ｼ 繝輔ぃ繧､繝ｫ</Filter>
    </ClInclude>
    <ClInclude Include="externals\assimp\include\assimp\ByteSwapper.h">
      <Filter>繝倥ャ繝繝ｼ 繝輔ぃ繧､繝ｫ</Filter>
    </ClInclude>
    <ClInclude Include="externals\assimp\include\assimp\camera.h">
      <Filter>繝倥ャ繝繝ｼ 繝輔ぃ繧､繝ｫ</Filter>
    </ClInclude>
    <ClInclude Include="externals\assimp\include\assimp\cexport.h">
      <Filter>繝倥ャ繝繝ｼ 繝輔ぃ繧､繝ｫ</Filter>
    </ClInclude>
    <ClInclude Include="externals\assimp\include\assimp\cfileio.h">
      <Filter>繝倥ャ繝繝ｼ 繝輔ぃ繧､繝ｫ</Filter>
    </ClInclude>
    <ClInclude Include="externals\assimp\include\assimp\cimport.h">
      <Filter>繝倥ャ繝繝ｼ 繝輔ぃ繧､繝ｫ</Filter>
    </ClInclude>
    <ClInclude Include="externals\assimp\include\assimp\ColladaMetaData.h">
      <Filter>繝倥ャ繝繝ｼ 繝輔ぃ繧､繝ｫ</Filter>
    </ClInclude>
    <ClInclude Include="externals\assimp\include\assimp\color4.h">
      <Filter>繝倥ャ繝繝ｼ 繝輔ぃ繧､繝ｫ</Filter>
    </ClInclude>
    <ClInclude Include="externals\assimp\include\assimp\commonMetaData.h">
      <Filter>繝倥ャ繝繝ｼ 繝輔ぃ繧､繝ｫ</Filter>
    </ClInclude>
    <ClInclude Include="externals\assimp\include\assimp\Compiler\poppack1.h">
      <Filter>繝倥ャ繝繝ｼ 繝輔ぃ繧､繝ｫ</Filter>
    </ClInclude>
    <ClInclude Include="externals\assimp\include\assimp\Compiler\pstdint.h">
      <Filter>繝倥ャ繝繝ｼ 繝輔ぃ繧､繝ｫ</Filter>
    </ClInclude>
    <ClInclude Include="externals\assimp\include\assimp\Compiler\pushpack1.h">
      <Filter>繝倥ャ繝繝ｼ 繝輔ぃ繧､繝ｫ</Filter>
    </ClInclude>
    <ClInclude Include="externals\assimp\include\assimp\config.h">
      <Filter>繝倥ャ繝繝ｼ 繝輔ぃ繧､繝ｫ</Filter>
    </ClInclude>
    <ClInclude Include="externals\assimp\include\assimp\CreateAnimMesh.h">
      <Filter>繝倥ャ繝繝ｼ 繝輔ぃ繧､繝ｫ</Filter>
    </ClInclude>
    <ClInclude Include="externals\assimp\include\assimp\DefaultIOStream.h">
      <Filter>繝倥ャ繝繝ｼ 繝輔ぃ繧､繝ｫ</Filter>
    </ClInclude>
    <ClInclude Include="externals\assimp\include\assimp\DefaultIOSystem.h">
      <Filter>繝倥ャ繝繝ｼ 繝輔ぃ繧､繝ｫ</Filter>
    </ClInclude>
    <ClInclude Include="externals\assimp\include\assimp\DefaultLogger.hpp">
      <Filter>繝倥ャ繝繝ｼ 繝輔ぃ繧､繝ｫ</Filter>
    </ClInclude>
    <ClInclude Include="externals\assimp\include\assimp\defs.h">
      <Filter>繝倥ャ繝繝ｼ 繝輔ぃ繧､繝ｫ</Filter>
    </ClInclude>
    <ClInclude Include="externals\assimp\include\assimp\Exceptional.h">
      <Filter>繝倥ャ繝繝ｼ 繝輔ぃ繧､繝ｫ</Filter>
    </ClInclude>
    <ClInclude Include="externals\assimp\include\assimp\Exporter.hpp">
      <Filter>繝倥ャ繝繝ｼ 繝輔ぃ繧､繝ｫ</Filter>
    </ClInclude>
    <ClInclude Include="externals\assimp\include\assimp\fast_atof.h">
      <Filter>繝倥ャ繝繝ｼ 繝輔ぃ繧､繝ｫ</Filter>
    </ClInclude>
    <ClInclude Include="externals\assimp\include\assimp\GenericProperty.h">
      <Filter>繝倥ャ繝繝ｼ 繝輔ぃ繧､繝ｫ</Filter>
    </ClInclude>
    <ClInclude Include="externals\assimp\include\assimp\GltfMaterial.h">
      <Filter>繝倥ャ繝繝ｼ 繝輔ぃ繧､繝ｫ</Filter>
    </ClInclude>
    <ClInclude Include="externals\assimp\include\assimp\Hash.h">
      <Filter>繝倥ャ繝繝ｼ 繝輔ぃ繧､繝ｫ</Filter>
    </ClInclude>
    <ClInclude Include="externals\assimp\include\assimp\Importer.hpp">
      <Filter>繝倥ャ繝繝ｼ 繝輔ぃ繧､繝ｫ</Filter>
    </ClInclude>
    <ClInclude Include="externals\assimp\include\assimp\importerdesc.h">
      <Filter>繝倥ャ繝繝ｼ 繝輔ぃ繧､繝ｫ</Filter>
    </ClInclude>
    <ClInclude Include="externals\assimp\include\assimp\IOStream.hpp">
      <Filter>繝倥ャ繝繝ｼ 繝輔ぃ繧､繝ｫ</Filter>
    </ClInclude>
    <ClInclude Include="externals\assimp\include\assimp\IOStreamBuffer.h">
      <Filter>繝倥ャ繝繝ｼ 繝輔ぃ繧､繝ｫ</Filter>
    </ClInclude>
    <ClInclude Include="externals\assimp\include\assimp\IOSystem.hpp">
      <Filter>繝倥ャ繝繝ｼ 繝輔ぃ繧､繝ｫ</Filter>
    </ClInclude>
    <ClInclude Include="externals\assimp\include\assimp\light.h">
      <Filter>繝倥ャ繝繝ｼ 繝輔ぃ繧､繝ｫ</Filter>
    </ClInclude>
    <ClInclude Include="externals\assimp\include\assimp\LineSplitter.h">
      <Filter>繝倥ャ繝繝ｼ 繝輔ぃ繧､繝ｫ</Filter>
    </ClInclude>
    <ClInclude Include="externals\assimp\include\assimp\LogAux.h">
      <Filter>繝倥ャ繝繝ｼ 繝輔ぃ繧､繝ｫ</Filter>
    </ClInclude>
    <ClInclude Include="externals\assimp\include\assimp\Logger.hpp">
      <Filter>繝倥ャ繝繝ｼ 繝輔ぃ繧､繝ｫ</Filter>
    </ClInclude>
    <ClInclude Include="externals\assimp\include\assimp\LogStream.hpp">
      <Filter>繝倥ャ繝繝ｼ 繝輔ぃ繧､繝ｫ</Filter>
    </ClInclude>
    <ClInclude Include="externals\assimp\include\assimp\material.h">
      <Filter>繝倥ャ繝繝ｼ 繝輔ぃ繧､繝ｫ</Filter>
    </ClInclude>
    <ClInclude Include="externals\assimp\include\assimp\MathFunctions.h">
      <Filter>繝倥ャ繝繝ｼ 繝輔ぃ繧､繝ｫ</Filter>
    </ClInclude>
    <ClInclude Include="externals\assimp\include\assimp\matrix3x3.h">
      <Filter>繝倥ャ繝繝ｼ 繝輔ぃ繧､繝ｫ</Filter>
    </ClInclude>
    <ClInclude Include="externals\assimp\include\assimp\matrix4x4.h">
      <Filter>繝倥ャ繝繝ｼ 繝輔ぃ繧､繝ｫ</Filter>
    </ClInclude>
    <ClInclude Include="externals\assimp\include\assimp\MemoryIOWrapper.h">
      <Filter>繝倥ャ繝繝ｼ 繝輔ぃ繧､繝ｫ</Filter>
    </ClInclude>
    <ClInclude Include="externals\assimp\include\assimp\mesh.h">
      <Filter>繝倥ャ繝繝ｼ 繝輔ぃ繧､繝ｫ</Filter>
    </ClInclude>
    <ClInclude Include="externals\assimp\include\assimp\metadata.h">
      <Filter>繝倥ャ繝繝ｼ 繝輔ぃ繧､繝ｫ</Filter>
    </ClInclude>
    <ClInclude Include="externals\assimp\include\assimp\NullLogger.hpp">
      <Filter>繝倥ャ繝繝ｼ 繝輔ぃ繧､繝ｫ</Filter>
    </ClInclude>
    <ClInclude Include="externals\assimp\include\assimp\ObjMaterial.h">
      <Filter>繝倥ャ繝繝ｼ 繝輔ぃ繧､繝ｫ</Filter>
    </ClInclude>
    <ClInclude Include="externals\assimp\include\assimp\ParsingUtils.h">
      <Filter>繝倥ャ繝繝ｼ 繝輔ぃ繧､繝ｫ</Filter>
    </ClInclude>
    <ClInclude Include="externals\assimp\include\assimp\pbrmaterial.h">
      <Filter>繝倥ャ繝繝ｼ 繝輔ぃ繧､繝ｫ</Filter>
    </ClInclude>
    <ClInclude Include="externals\assimp\include\assimp\port\AndroidJNI\AndroidJNIIOSystem.h">
      <Filter>繝倥ャ繝繝ｼ 繝輔ぃ繧､繝ｫ</Filter>
    </ClInclude>
    <ClInclude Include="externals\assimp\include\assimp\port\AndroidJNI\BundledAssetIOSystem.h">
      <Filter>繝倥ャ繝繝ｼ 繝輔ぃ繧､繝ｫ</Filter>
    </ClInclude>
    <ClInclude Include="externals\assimp\include\assimp\postprocess.h">
      <Filter>繝倥ャ繝繝ｼ 繝輔ぃ繧､繝ｫ</Filter>
    </ClInclude>
    <ClInclude Include="externals\assimp\include\assimp\Profiler.h">
      <Filter>繝倥ャ繝繝ｼ 繝輔ぃ繧､繝ｫ</Filter>
    </ClInclude>
    <ClInclude Include="externals\assimp\include\assimp\ProgressHandler.hpp">
      <Filter>繝倥ャ繝繝ｼ 繝輔ぃ繧､繝ｫ</Filter>
    </ClInclude>
    <ClInclude Include="externals\assimp\include\assimp\qnan.h">
      <Filter>繝倥ャ繝繝ｼ 繝輔ぃ繧､繝ｫ</Filter>
    </ClInclude>
    <ClInclude Include="externals\assimp\include\assimp\quaternion.h">
      <Filter>繝倥ャ繝繝ｼ 繝輔ぃ繧､繝ｫ</Filter>
    </ClInclude>
    <ClInclude Include="externals\assimp\include\assimp\RemoveComments.h">
      <Filter>繝倥ャ繝繝ｼ 繝輔ぃ繧､繝ｫ</Filter>
    </ClInclude>
    <ClInclude Include="externals\assimp\include\assimp\scene.h">
      <Filter>繝倥ャ繝繝ｼ 繝輔ぃ繧､繝ｫ</Filter>
    </ClInclude>
    <ClInclude Include="externals\assimp\include\assimp\SceneCombiner.h">
      <Filter>繝倥ャ繝繝ｼ 繝輔ぃ繧､繝ｫ</Filter>
    </ClInclude>
    <ClInclude Include="externals\assimp\include\assimp\SGSpatialSort.h">
      <Filter>繝倥ャ繝繝ｼ 繝輔ぃ繧､繝ｫ</Filter>
    </ClInclude>
    <ClInclude Include="externals\assimp\include\assimp\SkeletonMeshBuilder.h">
      <Filter>繝倥ャ繝繝ｼ 繝輔ぃ繧､繝ｫ</Filter>
    </ClInclude>
    <ClInclude Include="externals\assimp\include\assimp\SmallVector.h">
      <Filter>繝倥ャ繝繝ｼ 繝輔ぃ繧､繝ｫ</Filter>
    </ClInclude>
    <ClInclude Include="externals\assimp\include\assimp\SmoothingGroups.h">
      <Filter>繝倥ャ繝繝ｼ 繝輔ぃ繧､繝ｫ</Filter>
    </ClInclude>
    <ClInclude Include="externals\assimp\include\assimp\SpatialSort.h">
      <Filter>繝倥ャ繝繝ｼ 繝輔ぃ繧､繝ｫ</Filter>
    </ClInclude>
    <ClInclude Include="externals\assimp\include\assimp\StandardShapes.h">
      <Filter>繝倥ャ繝繝ｼ 繝輔ぃ繧､繝ｫ</Filter>
    </ClInclude>
    <ClInclude Include="externals\assimp\include\assimp\StreamReader.h">
      <Filter>繝倥ャ繝繝ｼ 繝輔ぃ繧､繝ｫ</Filter>
    </ClInclude>
    <ClInclude Include="externals\assimp\include\assimp\StreamWriter.h">
      <Filter>繝倥ャ繝繝ｼ 繝輔ぃ繧､繝ｫ</Filter>
    </ClInclude>
    <ClInclude Include="externals\assimp\include\assimp\StringComparison.h">
      <Filter>繝倥ャ繝繝ｼ 繝輔ぃ繧､繝ｫ</Filter>
    </ClInclude>
    <ClInclude Include="externals\assimp\include\assimp\StringUtils.h">
      <Filter>繝倥ャ繝繝ｼ 繝輔ぃ繧､繝ｫ</Filter>
    </ClInclude>
    <ClInclude Include="externals\assimp\include\assimp\Subdivision.h">
      <Filter>繝倥ャ繝繝ｼ 繝輔ぃ繧､繝ｫ</Filter>
    </ClInclude>
    <ClInclude Include="externals\assimp\include\assimp\texture.h">
      <Filter>繝倥ャ繝繝ｼ 繝輔ぃ繧､繝ｫ</Filter>
    </ClInclude>
    <ClInclude Include="externals\assimp\include\assimp\TinyFormatter.h">
      <Filter>繝倥ャ繝繝ｼ 繝輔ぃ繧､繝ｫ</Filter>
    </ClInclude>
    <ClInclude Include="externals\assimp\include\assimp\types.h">
      <Filter>繝倥ャ繝繝ｼ 繝輔ぃ繧､繝ｫ</Filter>
    </ClInclude>
    <ClInclude Include="externals\assimp\include\assimp\vector2.h">
      <Filter>繝倥ャ繝繝ｼ 繝輔ぃ繧､繝ｫ</Filter>
    </ClInclude>
    <ClInclude Include="externals\assimp\include\assimp\vector3.h">
      <Filter>繝倥ャ繝繝ｼ 繝輔ぃ繧､繝ｫ</Filter>
    </ClInclude>
    <ClInclude Include="externals\assimp\include\assimp\version.h">
      <Filter>繝倥ャ繝繝ｼ 繝輔ぃ繧､繝ｫ</Filter>
    </ClInclude>
    <ClInclude Include="externals\assimp\include\assimp\Vertex.h">
      <Filter>繝倥ャ繝繝ｼ 繝輔ぃ繧､繝ｫ</Filter>
    </ClInclude>
    <ClInclude Include="externals\assimp\include\assimp\XmlParser.h">
      <Filter>繝倥ャ繝繝ｼ 繝輔ぃ繧､繝ｫ</Filter>
    </ClInclude>
    <ClInclude Include="externals\assimp\include\assimp\XMLTools.h">
      <Filter>繝倥ャ繝繝ｼ 繝輔ぃ繧､繝ｫ</Filter>
    </ClInclude>
    <ClInclude Include="externals\assimp\include\assimp\ZipArchiveIOSystem.h">
      <Filter>繝倥ャ繝繝ｼ 繝輔ぃ繧､繝ｫ</Filter>
    </ClInclude>
    <ClInclude Include="game\system\GameRule.h">
      <Filter>繝倥ャ繝繝ｼ 繝輔ぃ繧､繝ｫ</Filter>
    </ClInclude>
    <ClInclude Include="game\system\HitEffectDirector.h">
      <Filter>繝倥ャ繝繝ｼ 繝輔ぃ繧､繝ｫ</Filter>
    </ClInclude>
    <ClInclude Include="engine\utility\SystemDebug\editor\graphics\CameraEditor.h">
      <Filter>繝倥ャ繝繝ｼ 繝輔ぃ繧､繝ｫ</Filter>
    </ClInclude>
    <ClInclude Include="game\actor\enemy\core\BaseEnemy.h">
      <Filter>繝倥ャ繝繝ｼ 繝輔ぃ繧､繝ｫ</Filter>
    </ClInclude>
    <ClInclude Include="game\actor\enemy\core\AttackTelegraph.h" />
    <ClInclude Include="game\actor\enemy\core\EnemyAttackProfile.h" />
    <ClInclude Include="game\actor\enemy\normal\EnemySlime.h">
      <Filter>繝倥ャ繝繝ｼ 繝輔ぃ繧､繝ｫ</Filter>
    </ClInclude>
    <ClInclude Include="game\actor\enemy\ranged\EnemyBomb.h">
      <Filter>繝倥ャ繝繝ｼ 繝輔ぃ繧､繝ｫ</Filter>
    </ClInclude>
    <ClInclude Include="game\actor\enemy\normal\EnemyMushroom.h">
      <Filter>繝倥ャ繝繝ｼ 繝輔ぃ繧､繝ｫ</Filter>
    </ClInclude>
    <ClInclude Include="game\actor\enemy\elemental\EnemyFireSlime.h">
      <Filter>郢晏･繝｣郢敖郢晢ｽｼ 郢晁ｼ斐＜郢ｧ・､郢晢ｽｫ</Filter>
    </ClInclude>
    <ClInclude Include="game\actor\enemy\elemental\EnemyThunderSlime.h">
      <Filter>郢晏･繝｣郢敖郢晢ｽｼ 郢晁ｼ斐＜郢ｧ・､郢晢ｽｫ</Filter>
    </ClInclude>
    <ClInclude Include="game\system\TutorialDirector.h" />
    <ClInclude Include="game\actor\enemy\elemental\EnemyWindSlime.h">
      <Filter>郢晏･繝｣郢敖郢晢ｽｼ 郢晁ｼ斐＜郢ｧ・､郢晢ｽｫ</Filter>
    </ClInclude>
    <ClInclude Include="game\actor\enemy\heavy\EnemyGiantSlime.h">
      <Filter>繝倥ャ繝繝ｼ 繝輔ぃ繧､繝ｫ</Filter>
    </ClInclude>
    <ClInclude Include="game\actor\enemy\boss\EnemyPrismSlime.h" />
    <ClInclude Include="game\actor\enemy\flying\EnemyBat.h">
      <Filter>繝倥ャ繝繝ｼ 繝輔ぃ繧､繝ｫ</Filter>
    </ClInclude>
    <ClInclude Include="game\actor\enemy\ranged\EnemyBeamDrone.h">
      <Filter>繝倥ャ繝繝ｼ 繝輔ぃ繧､繝ｫ</Filter>
    </ClInclude>
    <ClInclude Include="game\system\EnemyFactory.h">
      <Filter>繝倥ャ繝繝ｼ 繝輔ぃ繧､繝ｫ</Filter>
    </ClInclude>
    <ClInclude Include="game\system\GameplayStatusManager.h">
      <Filter>繝倥ャ繝繝ｼ 繝輔ぃ繧､繝ｫ</Filter>
    </ClInclude>
    <ClInclude Include="externals\imgui\imconfig.h">
      <Filter>繝倥ャ繝繝ｼ 繝輔ぃ繧､繝ｫ</Filter>
    </ClInclude>
    <ClInclude Include="externals\imgui\imgui.h">
      <Filter>繝倥ャ繝繝ｼ 繝輔ぃ繧､繝ｫ</Filter>
    </ClInclude>
    <ClInclude Include="externals\imgui\imgui_impl_win32.h">
      <Filter>繝倥ャ繝繝ｼ 繝輔ぃ繧､繝ｫ</Filter>
    </ClInclude>
    <ClInclude Include="externals\imgui\imgui_internal.h">
      <Filter>繝倥ャ繝繝ｼ 繝輔ぃ繧､繝ｫ</Filter>
    </ClInclude>
    <ClInclude Include="externals\imgui\imstb_rectpack.h">
      <Filter>繝倥ャ繝繝ｼ 繝輔ぃ繧､繝ｫ</Filter>
    </ClInclude>
    <ClInclude Include="externals\imgui\imstb_textedit.h">
      <Filter>繝倥ャ繝繝ｼ 繝輔ぃ繧､繝ｫ</Filter>
    </ClInclude>
    <ClInclude Include="externals\imgui\imstb_truetype.h">
      <Filter>繝倥ャ繝繝ｼ 繝輔ぃ繧､繝ｫ</Filter>
    </ClInclude>
    <ClInclude Include="externals\imgui\imgui_impl_dx12.h">
      <Filter>繝倥ャ繝繝ｼ 繝輔ぃ繧､繝ｫ</Filter>
    </ClInclude>
    <ClInclude Include="engine\utility\SystemDebug\editor\core\PresetManager.h">
      <Filter>繝倥ャ繝繝ｼ 繝輔ぃ繧､繝ｫ</Filter>
    </ClInclude>
    <ClInclude Include="game\system\EnemySpawner.h">
      <Filter>繝倥ャ繝繝ｼ 繝輔ぃ繧､繝ｫ</Filter>
    </ClInclude>
    <ClInclude Include="game\scene\GameClearScene.h">
      <Filter>繝倥ャ繝繝ｼ 繝輔ぃ繧､繝ｫ</Filter>
    </ClInclude>
    <ClInclude Include="game\scene\GameOverScene.h">
      <Filter>繝倥ャ繝繝ｼ 繝輔ぃ繧､繝ｫ</Filter>
    </ClInclude>
    <ClInclude Include="externals\SDL2\include\begin_code.h">
      <Filter>繝倥ャ繝繝ｼ 繝輔ぃ繧､繝ｫ</Filter>
    </ClInclude>
    <ClInclude Include="externals\SDL2\include\close_code.h">
      <Filter>繝倥ャ繝繝ｼ 繝輔ぃ繧､繝ｫ</Filter>
    </ClInclude>
    <ClInclude Include="externals\SDL2\include\SDL.h">
      <Filter>繝倥ャ繝繝ｼ 繝輔ぃ繧､繝ｫ</Filter>
    </ClInclude>
    <ClInclude Include="externals\SDL2\include\SDL_assert.h">
      <Filter>繝倥ャ繝繝ｼ 繝輔ぃ繧､繝ｫ</Filter>
    </ClInclude>
    <ClInclude Include="externals\SDL2\include\SDL_atomic.h">
      <Filter>繝倥ャ繝繝ｼ 繝輔ぃ繧､繝ｫ</Filter>
    </ClInclude>
    <ClInclude Include="externals\SDL2\include\SDL_audio.h">
      <Filter>繝倥ャ繝繝ｼ 繝輔ぃ繧､繝ｫ</Filter>
    </ClInclude>
    <ClInclude Include="externals\SDL2\include\SDL_bits.h">
      <Filter>繝倥ャ繝繝ｼ 繝輔ぃ繧､繝ｫ</Filter>
    </ClInclude>
    <ClInclude Include="externals\SDL2\include\SDL_blendmode.h">
      <Filter>繝倥ャ繝繝ｼ 繝輔ぃ繧､繝ｫ</Filter>
    </ClInclude>
    <ClInclude Include="externals\SDL2\include\SDL_clipboard.h">
      <Filter>繝倥ャ繝繝ｼ 繝輔ぃ繧､繝ｫ</Filter>
    </ClInclude>
    <ClInclude Include="externals\SDL2\include\SDL_config.h">
      <Filter>繝倥ャ繝繝ｼ 繝輔ぃ繧､繝ｫ</Filter>
    </ClInclude>
    <ClInclude Include="externals\SDL2\include\SDL_config_android.h">
      <Filter>繝倥ャ繝繝ｼ 繝輔ぃ繧､繝ｫ</Filter>
    </ClInclude>
    <ClInclude Include="externals\SDL2\include\SDL_config_emscripten.h">
      <Filter>繝倥ャ繝繝ｼ 繝輔ぃ繧､繝ｫ</Filter>
    </ClInclude>
    <ClInclude Include="externals\SDL2\include\SDL_config_iphoneos.h">
      <Filter>繝倥ャ繝繝ｼ 繝輔ぃ繧､繝ｫ</Filter>
    </ClInclude>
    <ClInclude Include="externals\SDL2\include\SDL_config_macosx.h">
      <Filter>繝倥ャ繝繝ｼ 繝輔ぃ繧､繝ｫ</Filter>
    </ClInclude>
    <ClInclude Include="externals\SDL2\include\SDL_config_minimal.h">
      <Filter>繝倥ャ繝繝ｼ 繝輔ぃ繧､繝ｫ</Filter>
    </ClInclude>
    <ClInclude Include="externals\SDL2\include\SDL_config_ngage.h">
      <Filter>繝倥ャ繝繝ｼ 繝輔ぃ繧､繝ｫ</Filter>
    </ClInclude>
    <ClInclude Include="externals\SDL2\include\SDL_config_os2.h">
      <Filter>繝倥ャ繝繝ｼ 繝輔ぃ繧､繝ｫ</Filter>
    </ClInclude>
    <ClInclude Include="externals\SDL2\include\SDL_config_pandora.h">
      <Filter>繝倥ャ繝繝ｼ 繝輔ぃ繧､繝ｫ</Filter>
    </ClInclude>
    <ClInclude Include="externals\SDL2\include\SDL_config_windows.h">
      <Filter>繝倥ャ繝繝ｼ 繝輔ぃ繧､繝ｫ</Filter>
    </ClInclude>
    <ClInclude Include="externals\SDL2\include\SDL_config_wingdk.h">
      <Filter>繝倥ャ繝繝ｼ 繝輔ぃ繧､繝ｫ</Filter>
    </ClInclude>
    <ClInclude Include="externals\SDL2\include\SDL_config_winrt.h">
      <Filter>繝倥ャ繝繝ｼ 繝輔ぃ繧､繝ｫ</Filter>
    </ClInclude>
    <ClInclude Include="externals\SDL2\include\SDL_config_xbox.h">
      <Filter>繝倥ャ繝繝ｼ 繝輔ぃ繧､繝ｫ</Filter>
    </ClInclude>
    <ClInclude Include="externals\SDL2\include\SDL_copying.h">
      <Filter>繝倥ャ繝繝ｼ 繝輔ぃ繧､繝ｫ</Filter>
    </ClInclude>
    <ClInclude Include="externals\SDL2\include\SDL_cpuinfo.h">
      <Filter>繝倥ャ繝繝ｼ 繝輔ぃ繧､繝ｫ</Filter>
    </ClInclude>
    <ClInclude Include="externals\SDL2\include\SDL_egl.h">
      <Filter>繝倥ャ繝繝ｼ 繝輔ぃ繧､繝ｫ</Filter>
    </ClInclude>
    <ClInclude Include="externals\SDL2\include\SDL_endian.h">
      <Filter>繝倥ャ繝繝ｼ 繝輔ぃ繧､繝ｫ</Filter>
    </ClInclude>
    <ClInclude Include="externals\SDL2\include\SDL_error.h">
      <Filter>繝倥ャ繝繝ｼ 繝輔ぃ繧､繝ｫ</Filter>
    </ClInclude>
    <ClInclude Include="externals\SDL2\include\SDL_events.h">
      <Filter>繝倥ャ繝繝ｼ 繝輔ぃ繧､繝ｫ</Filter>
    </ClInclude>
    <ClInclude Include="externals\SDL2\include\SDL_filesystem.h">
      <Filter>繝倥ャ繝繝ｼ 繝輔ぃ繧､繝ｫ</Filter>
    </ClInclude>
    <ClInclude Include="externals\SDL2\include\SDL_gamecontroller.h">
      <Filter>繝倥ャ繝繝ｼ 繝輔ぃ繧､繝ｫ</Filter>
    </ClInclude>
    <ClInclude Include="externals\SDL2\include\SDL_gesture.h">
      <Filter>繝倥ャ繝繝ｼ 繝輔ぃ繧､繝ｫ</Filter>
    </ClInclude>
    <ClInclude Include="externals\SDL2\include\SDL_guid.h">
      <Filter>繝倥ャ繝繝ｼ 繝輔ぃ繧､繝ｫ</Filter>
    </ClInclude>
    <ClInclude Include="externals\SDL2\include\SDL_haptic.h">
      <Filter>繝倥ャ繝繝ｼ 繝輔ぃ繧､繝ｫ</Filter>
    </ClInclude>
    <ClInclude Include="externals\SDL2\include\SDL_hidapi.h">
      <Filter>繝倥ャ繝繝ｼ 繝輔ぃ繧､繝ｫ</Filter>
    </ClInclude>
    <ClInclude Include="externals\SDL2\include\SDL_hints.h">
      <Filter>繝倥ャ繝繝ｼ 繝輔ぃ繧､繝ｫ</Filter>
    </ClInclude>
    <ClInclude Include="externals\SDL2\include\SDL_joystick.h">
      <Filter>繝倥ャ繝繝ｼ 繝輔ぃ繧､繝ｫ</Filter>
    </ClInclude>
    <ClInclude Include="externals\SDL2\include\SDL_keyboard.h">
      <Filter>繝倥ャ繝繝ｼ 繝輔ぃ繧､繝ｫ</Filter>
    </ClInclude>
    <ClInclude Include="externals\SDL2\include\SDL_keycode.h">
      <Filter>繝倥ャ繝繝ｼ 繝輔ぃ繧､繝ｫ</Filter>
    </ClInclude>
    <ClInclude Include="externals\SDL2\include\SDL_loadso.h">
      <Filter>繝倥ャ繝繝ｼ 繝輔ぃ繧､繝ｫ</Filter>
    </ClInclude>
    <ClInclude Include="externals\SDL2\include\SDL_locale.h">
      <Filter>繝倥ャ繝繝ｼ 繝輔ぃ繧､繝ｫ</Filter>
    </ClInclude>
    <ClInclude Include="externals\SDL2\include\SDL_log.h">
      <Filter>繝倥ャ繝繝ｼ 繝輔ぃ繧､繝ｫ</Filter>
    </ClInclude>
    <ClInclude Include="externals\SDL2\include\SDL_main.h">
      <Filter>繝倥ャ繝繝ｼ 繝輔ぃ繧､繝ｫ</Filter>
    </ClInclude>
    <ClInclude Include="externals\SDL2\include\SDL_messagebox.h">
      <Filter>繝倥ャ繝繝ｼ 繝輔ぃ繧､繝ｫ</Filter>
    </ClInclude>
    <ClInclude Include="externals\SDL2\include\SDL_metal.h">
      <Filter>繝倥ャ繝繝ｼ 繝輔ぃ繧､繝ｫ</Filter>
    </ClInclude>
    <ClInclude Include="externals\SDL2\include\SDL_misc.h">
      <Filter>繝倥ャ繝繝ｼ 繝輔ぃ繧､繝ｫ</Filter>
    </ClInclude>
    <ClInclude Include="externals\SDL2\include\SDL_mouse.h">
      <Filter>繝倥ャ繝繝ｼ 繝輔ぃ繧､繝ｫ</Filter>
    </ClInclude>
    <ClInclude Include="externals\SDL2\include\SDL_mutex.h">
      <Filter>繝倥ャ繝繝ｼ 繝輔ぃ繧､繝ｫ</Filter>
    </ClInclude>
    <ClInclude Include="externals\SDL2\include\SDL_name.h">
      <Filter>繝倥ャ繝繝ｼ 繝輔ぃ繧､繝ｫ</Filter>
    </ClInclude>
    <ClInclude Include="externals\SDL2\include\SDL_opengl.h">
      <Filter>繝倥ャ繝繝ｼ 繝輔ぃ繧､繝ｫ</Filter>
    </ClInclude>
    <ClInclude Include="externals\SDL2\include\SDL_opengles.h">
      <Filter>繝倥ャ繝繝ｼ 繝輔ぃ繧､繝ｫ</Filter>
    </ClInclude>
    <ClInclude Include="externals\SDL2\include\SDL_opengles2.h">
      <Filter>繝倥ャ繝繝ｼ 繝輔ぃ繧､繝ｫ</Filter>
    </ClInclude>
    <ClInclude Include="externals\SDL2\include\SDL_opengles2_gl2.h">
      <Filter>繝倥ャ繝繝ｼ 繝輔ぃ繧､繝ｫ</Filter>
    </ClInclude>
    <ClInclude Include="externals\SDL2\include\SDL_opengles2_gl2ext.h">
      <Filter>繝倥ャ繝繝ｼ 繝輔ぃ繧､繝ｫ</Filter>
    </ClInclude>
    <ClInclude Include="externals\SDL2\include\SDL_opengles2_gl2platform.h">
      <Filter>繝倥ャ繝繝ｼ 繝輔ぃ繧､繝ｫ</Filter>
    </ClInclude>
    <ClInclude Include="externals\SDL2\include\SDL_opengles2_khrplatform.h">
      <Filter>繝倥ャ繝繝ｼ 繝輔ぃ繧､繝ｫ</Filter>
    </ClInclude>
    <ClInclude Include="externals\SDL2\include\SDL_opengl_glext.h">
      <Filter>繝倥ャ繝繝ｼ 繝輔ぃ繧､繝ｫ</Filter>
    </ClInclude>
    <ClInclude Include="externals\SDL2\include\SDL_pixels.h">
      <Filter>繝倥ャ繝繝ｼ 繝輔ぃ繧､繝ｫ</Filter>
    </ClInclude>
    <ClInclude Include="externals\SDL2\include\SDL_platform.h">
      <Filter>繝倥ャ繝繝ｼ 繝輔ぃ繧､繝ｫ</Filter>
    </ClInclude>
    <ClInclude Include="externals\SDL2\include\SDL_power.h">
      <Filter>繝倥ャ繝繝ｼ 繝輔ぃ繧､繝ｫ</Filter>
    </ClInclude>
    <ClInclude Include="externals\SDL2\include\SDL_quit.h">
      <Filter>繝倥ャ繝繝ｼ 繝輔ぃ繧､繝ｫ</Filter>
    </ClInclude>
    <ClInclude Include="externals\SDL2\include\SDL_rect.h">
      <Filter>繝倥ャ繝繝ｼ 繝輔ぃ繧､繝ｫ</Filter>
    </ClInclude>
    <ClInclude Include="externals\SDL2\include\SDL_render.h">
      <Filter>繝倥ャ繝繝ｼ 繝輔ぃ繧､繝ｫ</Filter>
    </ClInclude>
    <ClInclude Include="externals\SDL2\include\SDL_revision.h">
      <Filter>繝倥ャ繝繝ｼ 繝輔ぃ繧､繝ｫ</Filter>
    </ClInclude>
    <ClInclude Include="externals\SDL2\include\SDL_rwops.h">
      <Filter>繝倥ャ繝繝ｼ 繝輔ぃ繧､繝ｫ</Filter>
    </ClInclude>
    <ClInclude Include="externals\SDL2\include\SDL_scancode.h">
      <Filter>繝倥ャ繝繝ｼ 繝輔ぃ繧､繝ｫ</Filter>
    </ClInclude>
    <ClInclude Include="externals\SDL2\include\SDL_sensor.h">
      <Filter>繝倥ャ繝繝ｼ 繝輔ぃ繧､繝ｫ</Filter>
    </ClInclude>
    <ClInclude Include="externals\SDL2\include\SDL_shape.h">
      <Filter>繝倥ャ繝繝ｼ 繝輔ぃ繧､繝ｫ</Filter>
    </ClInclude>
    <ClInclude Include="externals\SDL2\include\SDL_stdinc.h">
      <Filter>繝倥ャ繝繝ｼ 繝輔ぃ繧､繝ｫ</Filter>
    </ClInclude>
    <ClInclude Include="externals\SDL2\include\SDL_surface.h">
      <Filter>繝倥ャ繝繝ｼ 繝輔ぃ繧､繝ｫ</Filter>
    </ClInclude>
    <ClInclude Include="externals\SDL2\include\SDL_system.h">
      <Filter>繝倥ャ繝繝ｼ 繝輔ぃ繧､繝ｫ</Filter>
    </ClInclude>
    <ClInclude Include="externals\SDL2\include\SDL_syswm.h">
      <Filter>繝倥ャ繝繝ｼ 繝輔ぃ繧､繝ｫ</Filter>
    </ClInclude>
    <ClInclude Include="externals\SDL2\include\SDL_test.h">
      <Filter>繝倥ャ繝繝ｼ 繝輔ぃ繧､繝ｫ</Filter>
    </ClInclude>
    <ClInclude Include="externals\SDL2\include\SDL_test_assert.h">
      <Filter>繝倥ャ繝繝ｼ 繝輔ぃ繧､繝ｫ</Filter>
    </ClInclude>
    <ClInclude Include="externals\SDL2\include\SDL_test_common.h">
      <Filter>繝倥ャ繝繝ｼ 繝輔ぃ繧､繝ｫ</Filter>
    </ClInclude>
    <ClInclude Include="externals\SDL2\include\SDL_test_compare.h">
      <Filter>繝倥ャ繝繝ｼ 繝輔ぃ繧､繝ｫ</Filter>
    </ClInclude>
    <ClInclude Include="externals\SDL2\include\SDL_test_crc32.h">
      <Filter>繝倥ャ繝繝ｼ 繝輔ぃ繧､繝ｫ</Filter>
    </ClInclude>
    <ClInclude Include="externals\SDL2\include\SDL_test_font.h">
      <Filter>繝倥ャ繝繝ｼ 繝輔ぃ繧､繝ｫ</Filter>
    </ClInclude>
    <ClInclude Include="externals\SDL2\include\SDL_test_fuzzer.h">
      <Filter>繝倥ャ繝繝ｼ 繝輔ぃ繧､繝ｫ</Filter>
    </ClInclude>
    <ClInclude Include="externals\SDL2\include\SDL_test_harness.h">
      <Filter>繝倥ャ繝繝ｼ 繝輔ぃ繧､繝ｫ</Filter>
    </ClInclude>
    <ClInclude Include="externals\SDL2\include\SDL_test_images.h">
      <Filter>繝倥ャ繝繝ｼ 繝輔ぃ繧､繝ｫ</Filter>
    </ClInclude>
    <ClInclude Include="externals\SDL2\include\SDL_test_log.h">
      <Filter>繝倥ャ繝繝ｼ 繝輔ぃ繧､繝ｫ</Filter>
    </ClInclude>
    <ClInclude Include="externals\SDL2\include\SDL_test_md5.h">
      <Filter>繝倥ャ繝繝ｼ 繝輔ぃ繧､繝ｫ</Filter>
    </ClInclude>
    <ClInclude Include="externals\SDL2\include\SDL_test_memory.h">
      <Filter>繝倥ャ繝繝ｼ 繝輔ぃ繧､繝ｫ</Filter>
    </ClInclude>
    <ClInclude Include="externals\SDL2\include\SDL_test_random.h">
      <Filter>繝倥ャ繝繝ｼ 繝輔ぃ繧､繝ｫ</Filter>
    </ClInclude>
    <ClInclude Include="externals\SDL2\include\SDL_thread.h">
      <Filter>繝倥ャ繝繝ｼ 繝輔ぃ繧､繝ｫ</Filter>
    </ClInclude>
    <ClInclude Include="externals\SDL2\include\SDL_timer.h">
      <Filter>繝倥ャ繝繝ｼ 繝輔ぃ繧､繝ｫ</Filter>
    </ClInclude>
    <ClInclude Include="externals\SDL2\include\SDL_touch.h">
      <Filter>繝倥ャ繝繝ｼ 繝輔ぃ繧､繝ｫ</Filter>
    </ClInclude>
    <ClInclude Include="externals\SDL2\include\SDL_types.h">
      <Filter>繝倥ャ繝繝ｼ 繝輔ぃ繧､繝ｫ</Filter>
    </ClInclude>
    <ClInclude Include="externals\SDL2\include\SDL_version.h">
      <Filter>繝倥ャ繝繝ｼ 繝輔ぃ繧､繝ｫ</Filter>
    </ClInclude>
    <ClInclude Include="externals\SDL2\include\SDL_video.h">
      <Filter>繝倥ャ繝繝ｼ 繝輔ぃ繧､繝ｫ</Filter>
    </ClInclude>
    <ClInclude Include="externals\SDL2\include\SDL_vulkan.h">
      <Filter>繝倥ャ繝繝ｼ 繝輔ぃ繧､繝ｫ</Filter>
    </ClInclude>
    <ClInclude Include="engine\component\Transform.h">
      <Filter>繝倥ャ繝繝ｼ 繝輔ぃ繧､繝ｫ</Filter>
    </ClInclude>
    <ClInclude Include="engine\component\Collider.h">
      <Filter>繝倥ャ繝繝ｼ 繝輔ぃ繧､繝ｫ</Filter>
    </ClInclude>
    <ClInclude Include="engine\component\GameplayLinkComponent.h">
      <Filter>繝倥ャ繝繝ｼ 繝輔ぃ繧､繝ｫ</Filter>
    </ClInclude>
    <ClInclude Include="engine\component\MeshEffectComponent.h">
      <Filter>繝倥ャ繝繝ｼ 繝輔ぃ繧､繝ｫ</Filter>
    </ClInclude>
    <ClInclude Include="engine\component\ObjectComponent.h">
      <Filter>繝倥ャ繝繝ｼ 繝輔ぃ繧､繝ｫ</Filter>
    </ClInclude>
    <ClInclude Include="engine\component\ParticleEmitterComponent.h">
      <Filter>繝倥ャ繝繝ｼ 繝輔ぃ繧､繝ｫ</Filter>
    </ClInclude>
    <ClInclude Include="engine\component\PathMoverComponent.h">
      <Filter>繝倥ャ繝繝ｼ 繝輔ぃ繧､繝ｫ</Filter>
    </ClInclude>
    <ClInclude Include="engine\component\NavAgentComponent.h">
      <Filter>繝倥ャ繝繝ｼ 繝輔ぃ繧､繝ｫ</Filter>
    </ClInclude>
    <ClInclude Include="engine\graphics\3d\MeshRenderer.h">
      <Filter>繝倥ャ繝繝ｼ 繝輔ぃ繧､繝ｫ</Filter>
    </ClInclude>
    <ClInclude Include="game\system\LevelLoader.h">
      <Filter>繝倥ャ繝繝ｼ 繝輔ぃ繧､繝ｫ</Filter>
    </ClInclude>
    <ClInclude Include="game\system\LockOnSystem.h">
      <Filter>繝倥ャ繝繝ｼ 繝輔ぃ繧､繝ｫ</Filter>
    </ClInclude>
    <ClInclude Include="game\system\ObjectManager.h">
      <Filter>繝倥ャ繝繝ｼ 繝輔ぃ繧､繝ｫ</Filter>
    </ClInclude>
    <ClInclude Include="game\actor\player\PlayerMover.h">
      <Filter>繝倥ャ繝繝ｼ 繝輔ぃ繧､繝ｫ</Filter>
    </ClInclude>
    <ClInclude Include="game\actor\player\PlayerSlimeAnimator.h">
      <Filter>繝倥ャ繝繝ｼ 繝輔ぃ繧､繝ｫ</Filter>
    </ClInclude>
    <ClInclude Include="game\actor\player\PlayerGateReturnAnimation.h">
      <Filter>繝倥ャ繝繝ｼ 繝輔ぃ繧､繝ｫ</Filter>
    </ClInclude>
    <ClInclude Include="engine\utility\state\IAnimationState.h">
      <Filter>繝倥ャ繝繝ｼ 繝輔ぃ繧､繝ｫ</Filter>
    </ClInclude>
    <ClInclude Include="game\actor\player\PlayerDeathAnimation.h" />
    <ClInclude Include="game\actor\player\PlayerState.h">
      <Filter>繝倥ャ繝繝ｼ 繝輔ぃ繧､繝ｫ</Filter>
    </ClInclude>
    <ClInclude Include="game\actor\player\PlayerState.Basic.h">
      <Filter>繝倥ャ繝繝ｼ 繝輔ぃ繧､繝ｫ</Filter>
    </ClInclude>
    <ClInclude Include="game\actor\player\PlayerState.Carry.h">
      <Filter>繝倥ャ繝繝ｼ 繝輔ぃ繧､繝ｫ</Filter>
    </ClInclude>
    <ClInclude Include="game\actor\player\PlayerState.Damage.h">
      <Filter>繝倥ャ繝繝ｼ 繝輔ぃ繧､繝ｫ</Filter>
    </ClInclude>
    <ClInclude Include="game\actor\player\PlayerState.Hook.h">
      <Filter>繝倥ャ繝繝ｼ 繝輔ぃ繧､繝ｫ</Filter>
    </ClInclude>
    <ClInclude Include="game\actor\player\PlayerState.Life.h">
      <Filter>繝倥ャ繝繝ｼ 繝輔ぃ繧､繝ｫ</Filter>
    </ClInclude>
    <ClInclude Include="game\actor\player\PlayerState.PullEnemy.h">
      <Filter>繝倥ャ繝繝ｼ 繝輔ぃ繧､繝ｫ</Filter>
    </ClInclude>
    <ClInclude Include="game\actor\player\PlayerState.PullObject.h">
      <Filter>繝倥ャ繝繝ｼ 繝輔ぃ繧､繝ｫ</Filter>
    </ClInclude>
    <ClInclude Include="engine\graphics\particle\ParticleManager.h">
      <Filter>繝倥ャ繝繝ｼ 繝輔ぃ繧､繝ｫ</Filter>
    </ClInclude>
    <ClInclude Include="engine\graphics\postprocess\Fade.h">
      <Filter>繝倥ャ繝繝ｼ 繝輔ぃ繧､繝ｫ</Filter>
    </ClInclude>
    <ClInclude Include="engine\graphics\postprocess\PostEffect.h">
      <Filter>繝倥ャ繝繝ｼ 繝輔ぃ繧､繝ｫ</Filter>
    </ClInclude>
    <ClInclude Include="engine\utility\SystemDebug\editor\graphics\PostEffectEditor.h">
      <Filter>繝倥ャ繝繝ｼ 繝輔ぃ繧､繝ｫ</Filter>
    </ClInclude>
    <ClInclude Include="engine\utility\state\IEditable.h">
      <Filter>繝倥ャ繝繝ｼ 繝輔ぃ繧､繝ｫ</Filter>
    </ClInclude>
    <ClInclude Include="engine\utility\SystemDebug\editor\core\EditorManager.h">
      <Filter>繝倥ャ繝繝ｼ 繝輔ぃ繧､繝ｫ</Filter>
    </ClInclude>
    <ClInclude Include="engine\graphics\particle\GPUParticleManager.h">
      <Filter>繝倥ャ繝繝ｼ 繝輔ぃ繧､繝ｫ</Filter>
    </ClInclude>
    <ClInclude Include="game\system\GhostDirector.h">
      <Filter>繝倥ャ繝繝ｼ 繝輔ぃ繧､繝ｫ</Filter>
    </ClInclude>
    <ClInclude Include="game\system\CinematicPlayer.h">
      <Filter>繝倥ャ繝繝ｼ 繝輔ぃ繧､繝ｫ</Filter>
    </ClInclude>
    <ClInclude Include="game\system\CinematicSequence.h">
      <Filter>繝倥ャ繝繝ｼ 繝輔ぃ繧､繝ｫ</Filter>
    </ClInclude>
    <ClInclude Include="engine\animation\BodyAnimationClip.h" />
    <ClInclude Include="engine\animation\AnimatorController.h" />
    <ClInclude Include="game\actor\enemy\boss\BossCore.h">
      <Filter>繝倥ャ繝繝ｼ 繝輔ぃ繧､繝ｫ</Filter>
    </ClInclude>
    <ClInclude Include="engine\utility\SystemDebug\editor\vfx\GPUParticleEditor.h">
      <Filter>繝倥ャ繝繝ｼ 繝輔ぃ繧､繝ｫ</Filter>
    </ClInclude>
    <ClInclude Include="engine\graphics\particle\GPUParticleConfig.h">
      <Filter>繝倥ャ繝繝ｼ 繝輔ぃ繧､繝ｫ</Filter>
    </ClInclude>
    <ClInclude Include="engine\graphics\particle\GPUParticleEmitter.h">
      <Filter>繝倥ャ繝繝ｼ 繝輔ぃ繧､繝ｫ</Filter>
    </ClInclude>
    <ClInclude Include="engine\graphics\particle\VFXSequencer.h">
      <Filter>繝倥ャ繝繝ｼ 繝輔ぃ繧､繝ｫ</Filter>
    </ClInclude>
    <ClInclude Include="engine\utility\SystemDebug\editor\vfx\VFXSequencerEditor.h">
      <Filter>繝倥ャ繝繝ｼ 繝輔ぃ繧､繝ｫ</Filter>
    </ClInclude>
    <ClInclude Include="externals\imgui\IconsFontAwesome5.h">
      <Filter>繝倥ャ繝繝ｼ 繝輔ぃ繧､繝ｫ</Filter>
    </ClInclude>
    <ClInclude Include="engine\graphics\core\RootSignatureBuilder.h">
      <Filter>繝倥ャ繝繝ｼ 繝輔ぃ繧､繝ｫ</Filter>
    </ClInclude>
    <ClInclude Include="engine\graphics\core\GraphicsPipelineBuilder.h">
      <Filter>繝倥ャ繝繝ｼ 繝輔ぃ繧､繝ｫ</Filter>
    </ClInclude>
    <ClInclude Include="engine\utility\SystemDebug\editor\windows\AnimationWorkbench.h">
      <Filter>繝倥ャ繝繝ｼ 繝輔ぃ繧､繝ｫ</Filter>
    </ClInclude>
    <ClInclude Include="engine\utility\SystemDebug\editor\windows\EffectPreviewStage.h">
      <Filter>繝倥ャ繝繝ｼ 繝輔ぃ繧､繝ｫ</Filter>
    </ClInclude>
    <ClInclude Include="engine\utility\SystemDebug\editor\windows\EnemyAttackPreviewWindow.h">
      <Filter>繝倥ャ繝繝ｼ 繝輔ぃ繧､繝ｫ</Filter>
    </ClInclude>
    <ClInclude Include="engine\utility\SystemDebug\editor\windows\EventLinkGraph.h">
      <Filter>繝倥ャ繝繝ｼ 繝輔ぃ繧､繝ｫ</Filter>
    </ClInclude>
    <ClInclude Include="engine\utility\SystemDebug\editor\windows\HierarchyWindow.h">
      <Filter>繝倥ャ繝繝ｼ 繝輔ぃ繧､繝ｫ</Filter>
    </ClInclude>
    <ClInclude Include="engine\utility\SystemDebug\editor\windows\ProjectWindow.h">
      <Filter>繝倥ャ繝繝ｼ 繝輔ぃ繧､繝ｫ</Filter>
    </ClInclude>
    <ClInclude Include="engine\utility\SystemDebug\editor\windows\InspectorWindow.h">
      <Filter>繝倥ャ繝繝ｼ 繝輔ぃ繧､繝ｫ</Filter>
    </ClInclude>
    <ClInclude Include="engine\utility\SystemDebug\editor\windows\MaterialPreviewBoard.h">
      <Filter>繝倥ャ繝繝ｼ 繝輔ぃ繧､繝ｫ</Filter>
    </ClInclude>
    <ClInclude Include="engine\utility\SystemDebug\editor\windows\ModelOptimizerWindow.h">
      <Filter>繝倥ャ繝繝ｼ 繝輔ぃ繧､繝ｫ</Filter>
    </ClInclude>
    <ClInclude Include="engine\utility\SystemDebug\editor\windows\TerrainEditorWindow.h">
      <Filter>繝倥ャ繝繝ｼ 繝輔ぃ繧､繝ｫ</Filter>
    </ClInclude>
    <ClInclude Include="engine\utility\SystemDebug\editor\windows\AssetAuditWindow.h">
      <Filter>繝倥ャ繝繝ｼ 繝輔ぃ繧､繝ｫ</Filter>
    </ClInclude>
    <ClInclude Include="engine\utility\SystemDebug\editor\windows\StatusTuningWindow.h">
      <Filter>繝倥ャ繝繝ｼ 繝輔ぃ繧､繝ｫ</Filter>
    </ClInclude>
    <ClInclude Include="engine\utility\SystemDebug\editor\windows\JsonBackupWindow.h">
      <Filter>繝倥ャ繝繝ｼ 繝輔ぃ繧､繝ｫ</Filter>
    </ClInclude>
    <ClInclude Include="engine\utility\SystemDebug\editor\windows\AudioSettingsWindow.h">
      <Filter>繝倥ャ繝繝ｼ 繝輔ぃ繧､繝ｫ</Filter>
    </ClInclude>
    <ClInclude Include="engine\utility\SystemDebug\editor\windows\ExecutablePackageWindow.h">
      <Filter>繝倥ャ繝繝ｼ 繝輔ぃ繧､繝ｫ</Filter>
    </ClInclude>
    <ClInclude Include="engine\utility\SystemDebug\editor\windows\CaptureToolWindow.h">
      <Filter>繝倥ャ繝繝ｼ 繝輔ぃ繧､繝ｫ</Filter>
    </ClInclude>
    <ClInclude Include="engine\utility\SystemDebug\editor\windows\GameDataDebugEditor.h">
      <Filter>繝倥ャ繝繝ｼ 繝輔ぃ繧､繝ｫ</Filter>
    </ClInclude>
    <ClInclude Include="engine\utility\SystemDebug\editor\windows\SceneSavePreview.h">
      <Filter>繝倥ャ繝繝ｼ 繝輔ぃ繧､繝ｫ</Filter>
    </ClInclude>
    <ClInclude Include="engine\utility\SystemDebug\editor\windows\TextSpriteGenerator.h">
      <Filter>繝倥ャ繝繝ｼ 繝輔ぃ繧､繝ｫ</Filter>
    </ClInclude>
    <ClInclude Include="engine\utility\SystemDebug\editor\windows\Text3DGenerator.h">
      <Filter>繝倥ャ繝繝ｼ 繝輔ぃ繧､繝ｫ</Filter>
    </ClInclude>
    <ClInclude Include="resource.h">
      <Filter>繝倥ャ繝繝ｼ 繝輔ぃ繧､繝ｫ</Filter>
    </ClInclude>
    <ClInclude Include="engine\utility\SystemDebug\editor\core\SceneSerializer.h">
      <Filter>繝倥ャ繝繝ｼ 繝輔ぃ繧､繝ｫ</Filter>
    </ClInclude>
    <ClInclude Include="engine\utility\SystemDebug\editor\windows\SceneValidator.h">
      <Filter>繝倥ャ繝繝ｼ 繝輔ぃ繧､繝ｫ</Filter>
    </ClInclude>
    <ClInclude Include="engine\utility\SystemDebug\editor\core\EditorCommon.h">
      <Filter>繝倥ャ繝繝ｼ 繝輔ぃ繧､繝ｫ</Filter>
    </ClInclude>
    <ClInclude Include="engine\utility\SystemDebug\editor\windows\AnimatorControllerEditor.h" />
    <ClInclude Include="engine\utility\SystemDebug\editor\core\EditorPropertyDrawer.h" />
    <ClInclude Include="engine\utility\SystemDebug\editor\core\EditorCommandRegistry.h" />
    <ClInclude Include="engine\utility\SystemDebug\editor\core\EditorPropertyRegistry.h" />
    <ClInclude Include="engine\utility\SystemDebug\editor\core\AssetDatabase.h" />
    <ClInclude Include="engine\utility\SystemDebug\editor\core\EditorAssetDragPayload.h" />
    <ClInclude Include="engine\utility\SystemDebug\editor\core\EditorTransactionManager.h" />
    <ClInclude Include="engine\utility\SystemDebug\editor\windows\PropertyMatrixWindow.h" />
    <ClInclude Include="engine\utility\SystemDebug\editor\windows\PrimitiveDrawer.h">
      <Filter>繝倥ャ繝繝ｼ 繝輔ぃ繧､繝ｫ</Filter>
    </ClInclude>
    <ClInclude Include="engine\utility\SystemDebug\editor\windows\EngineManualWindow.h">
      <Filter>繝倥ャ繝繝ｼ 繝輔ぃ繧､繝ｫ</Filter>
    </ClInclude>
    <ClInclude Include="engine\utility\SystemDebug\editor\windows\ReplayDebugger.h" />
    <ClInclude Include="engine\system\input\KeyConfig.h">
      <Filter>繝倥ャ繝繝ｼ 繝輔ぃ繧､繝ｫ</Filter>
    </ClInclude>
    <ClInclude Include="engine\graphics\effect\EffectObject3d.h">
      <Filter>繝倥ャ繝繝ｼ 繝輔ぃ繧､繝ｫ</Filter>
    </ClInclude>
    <ClInclude Include="engine\utility\SystemDebug\editor\vfx\MeshEffectEditor.h">
      <Filter>繝倥ャ繝繝ｼ 繝輔ぃ繧､繝ｫ</Filter>
    </ClInclude>
    <ClInclude Include="engine\graphics\effect\MeshEffectManager.h">
      <Filter>繝倥ャ繝繝ｼ 繝輔ぃ繧､繝ｫ</Filter>
    </ClInclude>
    <ClInclude Include="engine\graphics\effect\DebrisEffectManager.h">
      <Filter>繝倥ャ繝繝ｼ 繝輔ぃ繧､繝ｫ</Filter>
    </ClInclude>
    <ClInclude Include="engine\utility\SystemDebug\editor\vfx\DebrisEffectEditor.h">
      <Filter>繝倥ャ繝繝ｼ 繝輔ぃ繧､繝ｫ</Filter>
    </ClInclude>
    <ClInclude Include="engine\graphics\3d\Skybox.h">
      <Filter>繝倥ャ繝繝ｼ 繝輔ぃ繧､繝ｫ</Filter>
    </ClInclude>
    <ClInclude Include="engine\graphics\effect\TrailEmitter.h">
      <Filter>繝倥ャ繝繝ｼ 繝輔ぃ繧､繝ｫ</Filter>
    </ClInclude>
    <ClInclude Include="engine\utility\SystemDebug\editor\vfx\TrailEmitterEditor.h">
      <Filter>繝倥ャ繝繝ｼ 繝輔ぃ繧､繝ｫ</Filter>
    </ClInclude>
    <ClInclude Include="engine\graphics\particle\GPUParticleSystem.h">
      <Filter>繝倥ャ繝繝ｼ 繝輔ぃ繧､繝ｫ</Filter>
    </ClInclude>
    <ClInclude Include="game\actor\gimmick\core\BaseGimmick.h">
      <Filter>繝倥ャ繝繝ｼ 繝輔ぃ繧､繝ｫ</Filter>
    </ClInclude>
    <ClInclude Include="game\actor\gimmick\movement\GimmickMovingFloor.h">
      <Filter>繝倥ャ繝繝ｼ 繝輔ぃ繧､繝ｫ</Filter>
    </ClInclude>
    <ClInclude Include="game\actor\gimmick\movement\GimmickTrampoline.h">
      <Filter>繝倥ャ繝繝ｼ 繝輔ぃ繧､繝ｫ</Filter>
    </ClInclude>
    <ClInclude Include="game\actor\gimmick\movement\GimmickLaunchStar.h">
      <Filter>繝倥ャ繝繝ｼ 繝輔ぃ繧､繝ｫ</Filter>
    </ClInclude>
    <ClInclude Include="game\actor\gimmick\block\GimmickChikuwaBlock.h">
      <Filter>繝倥ャ繝繝ｼ 繝輔ぃ繧､繝ｫ</Filter>
    </ClInclude>
    <ClInclude Include="game\actor\gimmick\block\GimmickBlinkBlock.h">
      <Filter>繝倥ャ繝繝ｼ 繝輔ぃ繧､繝ｫ</Filter>
    </ClInclude>
    <ClInclude Include="game\actor\gimmick\block\GimmickBreakableBlock.h">
      <Filter>繝倥ャ繝繝ｼ 繝輔ぃ繧､繝ｫ</Filter>
    </ClInclude>
    <ClInclude Include="game\actor\gimmick\stage\GimmickCoin.h">
      <Filter>繝倥ャ繝繝ｼ 繝輔ぃ繧､繝ｫ</Filter>
    </ClInclude>
    <ClInclude Include="game\actor\gimmick\trigger\GimmickHookAnchor.h">
      <Filter>繝倥ャ繝繝ｼ 繝輔ぃ繧､繝ｫ</Filter>
    </ClInclude>
    <ClInclude Include="game\actor\gimmick\movement\GimmickSinkingFloor.h">
      <Filter>繝倥ャ繝繝ｼ 繝輔ぃ繧､繝ｫ</Filter>
    </ClInclude>
    <ClInclude Include="game\actor\gimmick\movement\GimmickSeesawFloor.h">
      <Filter>繝倥ャ繝繝ｼ 繝輔ぃ繧､繝ｫ</Filter>
    </ClInclude>
    <ClInclude Include="game\actor\gimmick\movement\GimmickDashPanel.h">
      <Filter>郢晏･繝｣郢敖郢晢ｽｼ 郢晁ｼ斐＜郢ｧ・､郢晢ｽｫ</Filter>
    </ClInclude>
    <ClInclude Include="game\actor\gimmick\movement\GimmickIceFloor.h">
      <Filter>郢晏･繝｣郢敖郢晢ｽｼ 郢晁ｼ斐＜郢ｧ・､郢晢ｽｫ</Filter>
    </ClInclude>
    <ClInclude Include="game\actor\gimmick\trigger\GimmickTimedSwitch.h">
      <Filter>郢晏･繝｣郢敖郢晢ｽｼ 郢晁ｼ斐＜郢ｧ・､郢晢ｽｫ</Filter>
    </ClInclude>
    <ClInclude Include="game\actor\gimmick\movement\GimmickAppearingFloor.h">
      <Filter>郢晏･繝｣郢敖郢晢ｽｼ 郢晁ｼ斐＜郢ｧ・､郢晢ｽｫ</Filter>
    </ClInclude>
    <ClInclude Include="game\actor\gimmick\trigger\GimmickSwitch.h">
      <Filter>郢晏･繝｣郢敖郢晢ｽｼ 郢晁ｼ斐＜郢ｧ・､郢晢ｽｫ</Filter>
    </ClInclude>
    <ClInclude Include="game\actor\gimmick\trigger\GimmickEventReceiver.h">
      <Filter>郢晏･繝｣郢敖郢晢ｽｼ 郢晁ｼ斐＜郢ｧ・､郢晢ｽｫ</Filter>
    </ClInclude>
    <ClInclude Include="game\actor\gimmick\trigger\GimmickHookPullBlock.h">
      <Filter>郢晏･繝｣郢敖郢晢ｽｼ 郢晁ｼ斐＜郢ｧ・､郢晢ｽｫ</Filter>
    </ClInclude>
    <ClInclude Include="game\actor\gimmick\movement\GimmickOneWayFloor.h">
      <Filter>郢晏･繝｣郢敖郢晢ｽｼ 郢晁ｼ斐＜郢ｧ・､郢晢ｽｫ</Filter>
    </ClInclude>
    <ClInclude Include="game\actor\gimmick\stage\GimmickLiquidLevel.h">
      <Filter>郢晏･繝｣郢敖郢晢ｽｼ 郢晁ｼ斐＜郢ｧ・､郢晢ｽｫ</Filter>
    </ClInclude>
    <ClInclude Include="game\actor\gimmick\block\GimmickChainCollapseFloor.h">
      <Filter>郢晏･繝｣郢敖郢晢ｽｼ 郢晁ｼ斐＜郢ｧ・､郢晢ｽｫ</Filter>
    </ClInclude>
    <ClInclude Include="game\actor\gimmick\movement\GimmickRotatingObject.h">
      <Filter>郢晏･繝｣郢敖郢晢ｽｼ 郢晁ｼ斐＜郢ｧ・､郢晢ｽｫ</Filter>
    </ClInclude>
    <ClInclude Include="game\actor\gimmick\movement\GimmickPhaseFlipFloor.h">
      <Filter>郢晏･繝｣郢敖郢晢ｽｼ 郢晁ｼ斐＜郢ｧ・､郢晢ｽｫ</Filter>
    </ClInclude>
    <ClInclude Include="game\actor\gimmick\combat\GimmickLaserEmitter.h">
      <Filter>郢晏･繝｣郢敖郢晢ｽｼ 郢晁ｼ斐＜郢ｧ・､郢晢ｽｫ</Filter>
    </ClInclude>
    <ClInclude Include="game\actor\gimmick\combat\GimmickLaserNode.h">
      <Filter>郢晏･繝｣郢敖郢晢ｽｼ 郢晁ｼ斐＜郢ｧ・､郢晢ｽｫ</Filter>
    </ClInclude>
    <ClInclude Include="game\actor\gimmick\combat\GimmickFireCannon.h">
      <Filter>驛｢譎渉・･郢晢ｽ｣驛｢謨鳴驛｢譎｢・ｽ・ｼ 驛｢譎・ｽｼ譁撰ｼ憺Δ・ｧ繝ｻ・､驛｢譎｢・ｽ・ｫ</Filter>
    </ClInclude>
    <ClInclude Include="game\actor\gimmick\combat\GimmickMagmaHazard.h">
      <Filter>驛｢譎渉・･郢晢ｽ｣驛｢謨鳴驛｢譎｢・ｽ・ｼ 驛｢譎・ｽｼ譁撰ｼ憺Δ・ｧ繝ｻ・､驛｢譎｢・ｽ・ｫ</Filter>
    </ClInclude>
    <ClInclude Include="game\actor\gimmick\combat\GimmickMagmaGeyser.h">
      <Filter>驛｢譎渉・･郢晢ｽ｣驛｢謨鳴驛｢譎｢・ｽ・ｼ 驛｢譎・ｽｼ譁撰ｼ憺Δ・ｧ繝ｻ・､驛｢譎｢・ｽ・ｫ</Filter>
    </ClInclude>
    <ClInclude Include="game\actor\gimmick\stage\GimmickStageGate.h">
      <Filter>繝倥ャ繝繝ｼ 繝輔ぃ繧､繝ｫ</Filter>
    </ClInclude>
    <ClInclude Include="game\actor\item\BaseItem.h">
      <Filter>繝倥ャ繝繝ｼ 繝輔ぃ繧､繝ｫ</Filter>
    </ClInclude>
    <ClInclude Include="game\actor\item\HealItem.h">
      <Filter>繝倥ャ繝繝ｼ 繝輔ぃ繧､繝ｫ</Filter>
    </ClInclude>
    <ClInclude Include="game\scene\GameSelectScene.h">
      <Filter>繝倥ャ繝繝ｼ 繝輔ぃ繧､繝ｫ</Filter>
    </ClInclude>
    <ClInclude Include="game\system\GameSettingsManager.h">
      <Filter>繝倥ャ繝繝ｼ 繝輔ぃ繧､繝ｫ</Filter>
    </ClInclude>
    <ClInclude Include="game\system\GameAudioSettings.h">
      <Filter>繝倥ャ繝繝ｼ 繝輔ぃ繧､繝ｫ</Filter>
    </ClInclude>
    <ClInclude Include="game\system\SpriteLayoutScaler.h">
      <Filter>繝倥ャ繝繝ｼ 繝輔ぃ繧､繝ｫ</Filter>
    </ClInclude>
    <ClInclude Include="game\ui\ControlsGuideOverlay.h">
      <Filter>繝倥ャ繝繝ｼ 繝輔ぃ繧､繝ｫ</Filter>
    </ClInclude>
    <ClInclude Include="game\ui\PauseMenuOverlay.h">
      <Filter>繝倥ャ繝繝ｼ 繝輔ぃ繧､繝ｫ</Filter>
    </ClInclude>
    <ClInclude Include="game\ui\SaveIndicatorOverlay.h">
      <Filter>繝倥ャ繝繝ｼ 繝輔ぃ繧､繝ｫ</Filter>
    </ClInclude>
    <ClInclude Include="game\ui\SettingsMenuOverlay.h">
      <Filter>繝倥ャ繝繝ｼ 繝輔ぃ繧､繝ｫ</Filter>
    </ClInclude>
    <ClInclude Include="game\actor\player\PlayerClone.h">
      <Filter>繝倥ャ繝繝ｼ 繝輔ぃ繧､繝ｫ</Filter>
    </ClInclude>
    <ClInclude Include="game\actor\enemy\ranged\EnemyBomber.h">
      <Filter>繝倥ャ繝繝ｼ 繝輔ぃ繧､繝ｫ</Filter>
    </ClInclude>
    <ClInclude Include="game\system\ItemFactory.h">
      <Filter>繝倥ャ繝繝ｼ 繝輔ぃ繧､繝ｫ</Filter>
    </ClInclude>
  </ItemGroup>
  <ItemGroup>
    <Text Include="externals\imgui\LICENSE.txt" />
  </ItemGroup>
  <ItemGroup>
    <ResourceCompile Include="DirectXGame.rc">
      <Filter>繝ｪ繧ｽ繝ｼ繧ｹ 繝輔ぃ繧､繝ｫ</Filter>
    </ResourceCompile>
  </ItemGroup>
  <ItemGroup>
    <Filter Include="imgui-node-editor">
      <UniqueIdentifier>{2c3e60bf-4654-4da5-8e6b-9b623987db8f}</UniqueIdentifier>
    </Filter>
  </ItemGroup>
  <ItemGroup>
    <ClCompile Include="externals\imgui-node-editor\crude_json.cpp">
      <Filter>imgui-node-editor</Filter>
    </ClCompile>
    <ClCompile Include="externals\imgui-node-editor\imgui_canvas.cpp">
      <Filter>imgui-node-editor</Filter>
    </ClCompile>
    <ClCompile Include="externals\imgui-node-editor\imgui_node_editor.cpp">
      <Filter>imgui-node-editor</Filter>
    </ClCompile>
    <ClCompile Include="externals\imgui-node-editor\imgui_node_editor_api.cpp">
      <Filter>imgui-node-editor</Filter>
    </ClCompile>
  </ItemGroup>
  <ItemGroup>
    <ClInclude Include="externals\imgui-node-editor\crude_json.h">
      <Filter>imgui-node-editor</Filter>
    </ClInclude>
    <ClInclude Include="externals\imgui-node-editor\imgui_bezier_math.h">
      <Filter>imgui-node-editor</Filter>
    </ClInclude>
    <ClInclude Include="externals\imgui-node-editor\imgui_bezier_math.inl">
      <Filter>imgui-node-editor</Filter>
    </ClInclude>
    <ClInclude Include="externals\imgui-node-editor\imgui_canvas.h">
      <Filter>imgui-node-editor</Filter>
    </ClInclude>
    <ClInclude Include="externals\imgui-node-editor\imgui_extra_math.h">
      <Filter>imgui-node-editor</Filter>
    </ClInclude>
    <ClInclude Include="externals\imgui-node-editor\imgui_extra_math.inl">
      <Filter>imgui-node-editor</Filter>
    </ClInclude>
    <ClInclude Include="externals\imgui-node-editor\imgui_node_editor.h">
      <Filter>imgui-node-editor</Filter>
    </ClInclude>
    <ClInclude Include="externals\imgui-node-editor\imgui_node_editor_internal.h">
      <Filter>imgui-node-editor</Filter>
    </ClInclude>
    <ClInclude Include="externals\imgui-node-editor\imgui_node_editor_internal.inl">
      <Filter>imgui-node-editor</Filter>
    </ClInclude>
  </ItemGroup>
  <ItemGroup>
    <Filter Include="繧ｽ繝ｼ繧ｹ 繝輔ぃ繧､繝ｫ\engine\nodegraph">
      <UniqueIdentifier>{91a4df94-a649-4b3f-8567-36f76d822e3c}</UniqueIdentifier>
    </Filter>
    <Filter Include="繝倥ャ繝繝ｼ 繝輔ぃ繧､繝ｫ\engine\nodegraph">
      <UniqueIdentifier>{6374c075-8740-43a7-9385-1b2f61acdb72}</UniqueIdentifier>
    </Filter>
  </ItemGroup>
  <ItemGroup>
    
    
    <ClCompile Include="engine\utility\SystemDebug\editor\nodegraph\NodeGraphCore.cpp">
      <Filter>繧ｽ繝ｼ繧ｹ 繝輔ぃ繧､繝ｫ\engine\nodegraph</Filter>
    </ClCompile>
    
    <ClCompile Include="engine\utility\SystemDebug\editor\nodegraph\NodeGraphExecutor.cpp">
      <Filter>繧ｽ繝ｼ繧ｹ 繝輔ぃ繧､繝ｫ\engine\nodegraph</Filter>
    </ClCompile>
    
    <ClCompile Include="engine\utility\SystemDebug\editor\nodegraph\NodeGraphTemplateRegistry.cpp">
      <Filter>繧ｽ繝ｼ繧ｹ 繝輔ぃ繧､繝ｫ\engine\nodegraph</Filter>
    </ClCompile>
  </ItemGroup>
  <ItemGroup>
    
    
    <ClInclude Include="engine\utility\SystemDebug\editor\nodegraph\NodeGraphCore.h">
      <Filter>繝倥ャ繝繝ｼ 繝輔ぃ繧､繝ｫ\engine\nodegraph</Filter>
    </ClInclude>
    
    <ClInclude Include="engine\utility\SystemDebug\editor\nodegraph\NodeGraphExecutor.h">
      <Filter>繝倥ャ繝繝ｼ 繝輔ぃ繧､繝ｫ\engine\nodegraph</Filter>
    </ClInclude>
    
    <ClInclude Include="engine\utility\SystemDebug\editor\nodegraph\NodeGraphTemplateRegistry.h">
      <Filter>繝倥ャ繝繝ｼ 繝輔ぃ繧､繝ｫ\engine\nodegraph</Filter>
    </ClInclude>
  </ItemGroup>
</Project>




